// !$*UTF8*$!
{
	archiveVersion = 1;
	classes = {
	};
	objectVersion = 46;
	objects = {

/* Begin PBXBuildFile section */
		093480F01B7A1A64000B2875 /* ZYNavigationController.m in Sources */ = {isa = PBXBuildFile; fileRef = 093480E61B7A1A64000B2875 /* ZYNavigationController.m */; };
		093480F11B7A1A64000B2875 /* AppDelegate.m in Sources */ = {isa = PBXBuildFile; fileRef = 093480EA1B7A1A64000B2875 /* AppDelegate.m */; };
		093480F21B7A1A64000B2875 /* UIView+Extension.m in Sources */ = {isa = PBXBuildFile; fileRef = 093480EC1B7A1A64000B2875 /* UIView+Extension.m */; };
		093480F31B7A1A64000B2875 /* ZYConst.m in Sources */ = {isa = PBXBuildFile; fileRef = 093480EE1B7A1A64000B2875 /* ZYConst.m */; };
		093480F71B7A1EA9000B2875 /* UIBarButtonItem+ZYExtension.m in Sources */ = {isa = PBXBuildFile; fileRef = 093480F61B7A1EA9000B2875 /* UIBarButtonItem+ZYExtension.m */; };
		093480FA1B7A24B4000B2875 /* ZYHomeTopItem.m in Sources */ = {isa = PBXBuildFile; fileRef = 093480F91B7A24B4000B2875 /* ZYHomeTopItem.m */; };
		093480FC1B7A24CB000B2875 /* ZYHomeTopItem.xib in Resources */ = {isa = PBXBuildFile; fileRef = 093480FB1B7A24CB000B2875 /* ZYHomeTopItem.xib */; };
		093481011B7A31A9000B2875 /* ZYHomeDropdown.m in Sources */ = {isa = PBXBuildFile; fileRef = 093481001B7A31A9000B2875 /* ZYHomeDropdown.m */; };
		093481031B7A31BA000B2875 /* ZYHomeDropdown.xib in Resources */ = {isa = PBXBuildFile; fileRef = 093481021B7A31BA000B2875 /* ZYHomeDropdown.xib */; };
		093481061B7A4A05000B2875 /* ZYCategoryViewController.m in Sources */ = {isa = PBXBuildFile; fileRef = 093481051B7A4A05000B2875 /* ZYCategoryViewController.m */; };
		09B180571B778DA700FD0F7E /* main.m in Sources */ = {isa = PBXBuildFile; fileRef = 09B180561B778DA700FD0F7E /* main.m */; };
		09B1805D1B778DA700FD0F7E /* __HD.xcdatamodeld in Sources */ = {isa = PBXBuildFile; fileRef = 09B1805B1B778DA700FD0F7E /* __HD.xcdatamodeld */; };
		09B180651B778DA700FD0F7E /* Images.xcassets in Resources */ = {isa = PBXBuildFile; fileRef = 09B180641B778DA700FD0F7E /* Images.xcassets */; };
		09B180741B778DA700FD0F7E /* __HDTests.m in Sources */ = {isa = PBXBuildFile; fileRef = 09B180731B778DA700FD0F7E /* __HDTests.m */; };
		09B180911B7792CE00FD0F7E /* ZYHomeViewController.m in Sources */ = {isa = PBXBuildFile; fileRef = 09B180901B7792CE00FD0F7E /* ZYHomeViewController.m */; };
/* End PBXBuildFile section */

/* Begin PBXContainerItemProxy section */
		09B1806E1B778DA700FD0F7E /* PBXContainerItemProxy */ = {
			isa = PBXContainerItemProxy;
			containerPortal = 09B180491B778DA700FD0F7E /* Project object */;
			proxyType = 1;
			remoteGlobalIDString = 09B180501B778DA700FD0F7E;
			remoteInfo = "团购HD";
		};
/* End PBXContainerItemProxy section */

/* Begin PBXFileReference section */
		093480E51B7A1A64000B2875 /* ZYNavigationController.h */ = {isa = PBXFileReference; fileEncoding = 4; lastKnownFileType = sourcecode.c.h; path = ZYNavigationController.h; sourceTree = "<group>"; };
		093480E61B7A1A64000B2875 /* ZYNavigationController.m */ = {isa = PBXFileReference; fileEncoding = 4; lastKnownFileType = sourcecode.c.objc; path = ZYNavigationController.m; sourceTree = "<group>"; };
		093480E91B7A1A64000B2875 /* AppDelegate.h */ = {isa = PBXFileReference; fileEncoding = 4; lastKnownFileType = sourcecode.c.h; path = AppDelegate.h; sourceTree = "<group>"; };
		093480EA1B7A1A64000B2875 /* AppDelegate.m */ = {isa = PBXFileReference; fileEncoding = 4; lastKnownFileType = sourcecode.c.objc; path = AppDelegate.m; sourceTree = "<group>"; };
		093480EB1B7A1A64000B2875 /* UIView+Extension.h */ = {isa = PBXFileReference; fileEncoding = 4; lastKnownFileType = sourcecode.c.h; path = "UIView+Extension.h"; sourceTree = "<group>"; };
		093480EC1B7A1A64000B2875 /* UIView+Extension.m */ = {isa = PBXFileReference; fileEncoding = 4; lastKnownFileType = sourcecode.c.objc; path = "UIView+Extension.m"; sourceTree = "<group>"; };
		093480ED1B7A1A64000B2875 /* ZYConst.h */ = {isa = PBXFileReference; fileEncoding = 4; lastKnownFileType = sourcecode.c.h; path = ZYConst.h; sourceTree = "<group>"; };
		093480EE1B7A1A64000B2875 /* ZYConst.m */ = {isa = PBXFileReference; fileEncoding = 4; lastKnownFileType = sourcecode.c.objc; path = ZYConst.m; sourceTree = "<group>"; };
		093480F51B7A1EA9000B2875 /* UIBarButtonItem+ZYExtension.h */ = {isa = PBXFileReference; fileEncoding = 4; lastKnownFileType = sourcecode.c.h; path = "UIBarButtonItem+ZYExtension.h"; sourceTree = "<group>"; };
		093480F61B7A1EA9000B2875 /* UIBarButtonItem+ZYExtension.m */ = {isa = PBXFileReference; fileEncoding = 4; lastKnownFileType = sourcecode.c.objc; path = "UIBarButtonItem+ZYExtension.m"; sourceTree = "<group>"; };
		093480F81B7A24B4000B2875 /* ZYHomeTopItem.h */ = {isa = PBXFileReference; fileEncoding = 4; lastKnownFileType = sourcecode.c.h; path = ZYHomeTopItem.h; sourceTree = "<group>"; };
		093480F91B7A24B4000B2875 /* ZYHomeTopItem.m */ = {isa = PBXFileReference; fileEncoding = 4; lastKnownFileType = sourcecode.c.objc; path = ZYHomeTopItem.m; sourceTree = "<group>"; };
		093480FB1B7A24CB000B2875 /* ZYHomeTopItem.xib */ = {isa = PBXFileReference; fileEncoding = 4; lastKnownFileType = file.xib; path = ZYHomeTopItem.xib; sourceTree = "<group>"; };
		093480FF1B7A31A9000B2875 /* ZYHomeDropdown.h */ = {isa = PBXFileReference; fileEncoding = 4; lastKnownFileType = sourcecode.c.h; path = ZYHomeDropdown.h; sourceTree = "<group>"; };
		093481001B7A31A9000B2875 /* ZYHomeDropdown.m */ = {isa = PBXFileReference; fileEncoding = 4; lastKnownFileType = sourcecode.c.objc; path = ZYHomeDropdown.m; sourceTree = "<group>"; };
		093481021B7A31BA000B2875 /* ZYHomeDropdown.xib */ = {isa = PBXFileReference; fileEncoding = 4; lastKnownFileType = file.xib; path = ZYHomeDropdown.xib; sourceTree = "<group>"; };
		093481041B7A4A05000B2875 /* ZYCategoryViewController.h */ = {isa = PBXFileReference; fileEncoding = 4; lastKnownFileType = sourcecode.c.h; path = ZYCategoryViewController.h; sourceTree = "<group>"; };
		093481051B7A4A05000B2875 /* ZYCategoryViewController.m */ = {isa = PBXFileReference; fileEncoding = 4; lastKnownFileType = sourcecode.c.objc; path = ZYCategoryViewController.m; sourceTree = "<group>"; };
		09B180511B778DA700FD0F7E /* 团购HD.app */ = {isa = PBXFileReference; explicitFileType = wrapper.application; includeInIndex = 0; path = "团购HD.app"; sourceTree = BUILT_PRODUCTS_DIR; };
		09B180551B778DA700FD0F7E /* Info.plist */ = {isa = PBXFileReference; lastKnownFileType = text.plist.xml; path = Info.plist; sourceTree = "<group>"; };
		09B180561B778DA700FD0F7E /* main.m */ = {isa = PBXFileReference; lastKnownFileType = sourcecode.c.objc; path = main.m; sourceTree = "<group>"; };
		09B1805C1B778DA700FD0F7E /* __HD.xcdatamodel */ = {isa = PBXFileReference; lastKnownFileType = wrapper.xcdatamodel; path = __HD.xcdatamodel; sourceTree = "<group>"; };
		09B180641B778DA700FD0F7E /* Images.xcassets */ = {isa = PBXFileReference; lastKnownFileType = folder.assetcatalog; path = Images.xcassets; sourceTree = "<group>"; };
		09B1806D1B778DA700FD0F7E /* 团购HDTests.xctest */ = {isa = PBXFileReference; explicitFileType = wrapper.cfbundle; includeInIndex = 0; path = "团购HDTests.xctest"; sourceTree = BUILT_PRODUCTS_DIR; };
		09B180721B778DA700FD0F7E /* Info.plist */ = {isa = PBXFileReference; lastKnownFileType = text.plist.xml; path = Info.plist; sourceTree = "<group>"; };
		09B180731B778DA700FD0F7E /* __HDTests.m */ = {isa = PBXFileReference; lastKnownFileType = sourcecode.c.objc; path = __HDTests.m; sourceTree = "<group>"; };
		09B1808F1B7792CE00FD0F7E /* ZYHomeViewController.h */ = {isa = PBXFileReference; fileEncoding = 4; lastKnownFileType = sourcecode.c.h; path = ZYHomeViewController.h; sourceTree = "<group>"; };
		09B180901B7792CE00FD0F7E /* ZYHomeViewController.m */ = {isa = PBXFileReference; fileEncoding = 4; lastKnownFileType = sourcecode.c.objc; path = ZYHomeViewController.m; sourceTree = "<group>"; };
/* End PBXFileReference section */

/* Begin PBXFrameworksBuildPhase section */
		09B1804E1B778DA700FD0F7E /* Frameworks */ = {
			isa = PBXFrameworksBuildPhase;
			buildActionMask = 2147483647;
			files = (
			);
			runOnlyForDeploymentPostprocessing = 0;
		};
		09B1806A1B778DA700FD0F7E /* Frameworks */ = {
			isa = PBXFrameworksBuildPhase;
			buildActionMask = 2147483647;
			files = (
			);
			runOnlyForDeploymentPostprocessing = 0;
		};
/* End PBXFrameworksBuildPhase section */

/* Begin PBXGroup section */
		093480E31B7A1A64000B2875 /* Main */ = {
			isa = PBXGroup;
			children = (
				093480F41B7A1E7A000B2875 /* Category */,
				093480E41B7A1A64000B2875 /* Controller */,
				093480E71B7A1A64000B2875 /* Lib */,
				093480E81B7A1A64000B2875 /* Other */,
				093480EF1B7A1A64000B2875 /* Tool */,
			);
			path = Main;
			sourceTree = "<group>";
		};
		093480E41B7A1A64000B2875 /* Controller */ = {
			isa = PBXGroup;
			children = (
				093480E51B7A1A64000B2875 /* ZYNavigationController.h */,
				093480E61B7A1A64000B2875 /* ZYNavigationController.m */,
			);
			path = Controller;
			sourceTree = "<group>";
		};
		093480E71B7A1A64000B2875 /* Lib */ = {
			isa = PBXGroup;
			children = (
			);
			path = Lib;
			sourceTree = "<group>";
		};
		093480E81B7A1A64000B2875 /* Other */ = {
			isa = PBXGroup;
			children = (
				093480E91B7A1A64000B2875 /* AppDelegate.h */,
				093480EA1B7A1A64000B2875 /* AppDelegate.m */,
				093480EB1B7A1A64000B2875 /* UIView+Extension.h */,
				093480EC1B7A1A64000B2875 /* UIView+Extension.m */,
				093480ED1B7A1A64000B2875 /* ZYConst.h */,
				093480EE1B7A1A64000B2875 /* ZYConst.m */,
			);
			path = Other;
			sourceTree = "<group>";
		};
		093480EF1B7A1A64000B2875 /* Tool */ = {
			isa = PBXGroup;
			children = (
			);
			path = Tool;
			sourceTree = "<group>";
		};
		093480F41B7A1E7A000B2875 /* Category */ = {
			isa = PBXGroup;
			children = (
				093480F51B7A1EA9000B2875 /* UIBarButtonItem+ZYExtension.h */,
				093480F61B7A1EA9000B2875 /* UIBarButtonItem+ZYExtension.m */,
			);
			path = Category;
			sourceTree = "<group>";
		};
		09B180481B778DA700FD0F7E = {
			isa = PBXGroup;
			children = (
				09B180531B778DA700FD0F7E /* 团购HD */,
				09B180701B778DA700FD0F7E /* 团购HDTests */,
				09B180521B778DA700FD0F7E /* Products */,
			);
			sourceTree = "<group>";
		};
		09B180521B778DA700FD0F7E /* Products */ = {
			isa = PBXGroup;
			children = (
				09B180511B778DA700FD0F7E /* 团购HD.app */,
				09B1806D1B778DA700FD0F7E /* 团购HDTests.xctest */,
			);
			name = Products;
			sourceTree = "<group>";
		};
		09B180531B778DA700FD0F7E /* 团购HD */ = {
			isa = PBXGroup;
			children = (
				09B1807D1B7790D200FD0F7E /* Classes */,
				09B180541B778DA700FD0F7E /* Supporting Files */,
			);
			path = "团购HD";
			sourceTree = "<group>";
		};
		09B180541B778DA700FD0F7E /* Supporting Files */ = {
			isa = PBXGroup;
			children = (
				09B180641B778DA700FD0F7E /* Images.xcassets */,
				09B1805B1B778DA700FD0F7E /* __HD.xcdatamodeld */,
				09B180551B778DA700FD0F7E /* Info.plist */,
				09B180561B778DA700FD0F7E /* main.m */,
			);
			name = "Supporting Files";
			sourceTree = "<group>";
		};
		09B180701B778DA700FD0F7E /* 团购HDTests */ = {
			isa = PBXGroup;
			children = (
				09B180731B778DA700FD0F7E /* __HDTests.m */,
				09B180711B778DA700FD0F7E /* Supporting Files */,
			);
			path = "团购HDTests";
			sourceTree = "<group>";
		};
		09B180711B778DA700FD0F7E /* Supporting Files */ = {
			isa = PBXGroup;
			children = (
				09B180721B778DA700FD0F7E /* Info.plist */,
			);
			name = "Supporting Files";
			sourceTree = "<group>";
		};
		09B1807D1B7790D200FD0F7E /* Classes */ = {
			isa = PBXGroup;
			children = (
				093480E31B7A1A64000B2875 /* Main */,
				09B1808B1B77926C00FD0F7E /* Home */,
			);
			path = Classes;
			sourceTree = "<group>";
		};
		09B1808B1B77926C00FD0F7E /* Home */ = {
			isa = PBXGroup;
			children = (
				09B1808C1B77926C00FD0F7E /* Controller */,
				09B1808D1B77926C00FD0F7E /* Model */,
				09B1808E1B77926C00FD0F7E /* View */,
			);
			path = Home;
			sourceTree = "<group>";
		};
		09B1808C1B77926C00FD0F7E /* Controller */ = {
			isa = PBXGroup;
			children = (
				09B1808F1B7792CE00FD0F7E /* ZYHomeViewController.h */,
				09B180901B7792CE00FD0F7E /* ZYHomeViewController.m */,
				093481041B7A4A05000B2875 /* ZYCategoryViewController.h */,
				093481051B7A4A05000B2875 /* ZYCategoryViewController.m */,
			);
			path = Controller;
			sourceTree = "<group>";
		};
		09B1808D1B77926C00FD0F7E /* Model */ = {
			isa = PBXGroup;
			children = (
			);
			path = Model;
			sourceTree = "<group>";
		};
		09B1808E1B77926C00FD0F7E /* View */ = {
			isa = PBXGroup;
			children = (
				093480F81B7A24B4000B2875 /* ZYHomeTopItem.h */,
				093480F91B7A24B4000B2875 /* ZYHomeTopItem.m */,
				093480FB1B7A24CB000B2875 /* ZYHomeTopItem.xib */,
				093480FF1B7A31A9000B2875 /* ZYHomeDropdown.h */,
				093481001B7A31A9000B2875 /* ZYHomeDropdown.m */,
				093481021B7A31BA000B2875 /* ZYHomeDropdown.xib */,
			);
			path = View;
			sourceTree = "<group>";
		};
/* End PBXGroup section */

/* Begin PBXNativeTarget section */
		09B180501B778DA700FD0F7E /* 团购HD */ = {
			isa = PBXNativeTarget;
			buildConfigurationList = 09B180771B778DA700FD0F7E /* Build configuration list for PBXNativeTarget "团购HD" */;
			buildPhases = (
				09B1804D1B778DA700FD0F7E /* Sources */,
				09B1804E1B778DA700FD0F7E /* Frameworks */,
				09B1804F1B778DA700FD0F7E /* Resources */,
			);
			buildRules = (
			);
			dependencies = (
			);
			name = "团购HD";
			productName = "团购HD";
			productReference = 09B180511B778DA700FD0F7E /* 团购HD.app */;
			productType = "com.apple.product-type.application";
		};
		09B1806C1B778DA700FD0F7E /* 团购HDTests */ = {
			isa = PBXNativeTarget;
			buildConfigurationList = 09B1807A1B778DA700FD0F7E /* Build configuration list for PBXNativeTarget "团购HDTests" */;
			buildPhases = (
				09B180691B778DA700FD0F7E /* Sources */,
				09B1806A1B778DA700FD0F7E /* Frameworks */,
				09B1806B1B778DA700FD0F7E /* Resources */,
			);
			buildRules = (
			);
			dependencies = (
				09B1806F1B778DA700FD0F7E /* PBXTargetDependency */,
			);
			name = "团购HDTests";
			productName = "团购HDTests";
			productReference = 09B1806D1B778DA700FD0F7E /* 团购HDTests.xctest */;
			productType = "com.apple.product-type.bundle.unit-test";
		};
/* End PBXNativeTarget section */

/* Begin PBXProject section */
		09B180491B778DA700FD0F7E /* Project object */ = {
			isa = PBXProject;
			attributes = {
				CLASSPREFIX = ZY;
				LastUpgradeCheck = 0640;
				ORGANIZATIONNAME = "王志盼";
				TargetAttributes = {
					09B180501B778DA700FD0F7E = {
						CreatedOnToolsVersion = 6.4;
					};
					09B1806C1B778DA700FD0F7E = {
						CreatedOnToolsVersion = 6.4;
						TestTargetID = 09B180501B778DA700FD0F7E;
					};
				};
			};
			buildConfigurationList = 09B1804C1B778DA700FD0F7E /* Build configuration list for PBXProject "团购HD" */;
			compatibilityVersion = "Xcode 3.2";
			developmentRegion = English;
			hasScannedForEncodings = 0;
			knownRegions = (
				en,
				Base,
			);
			mainGroup = 09B180481B778DA700FD0F7E;
			productRefGroup = 09B180521B778DA700FD0F7E /* Products */;
			projectDirPath = "";
			projectRoot = "";
			targets = (
				09B180501B778DA700FD0F7E /* 团购HD */,
				09B1806C1B778DA700FD0F7E /* 团购HDTests */,
			);
		};
/* End PBXProject section */

/* Begin PBXResourcesBuildPhase section */
		09B1804F1B778DA700FD0F7E /* Resources */ = {
			isa = PBXResourcesBuildPhase;
			buildActionMask = 2147483647;
			files = (
				093480FC1B7A24CB000B2875 /* ZYHomeTopItem.xib in Resources */,
				093481031B7A31BA000B2875 /* ZYHomeDropdown.xib in Resources */,
				09B180651B778DA700FD0F7E /* Images.xcassets in Resources */,
			);
			runOnlyForDeploymentPostprocessing = 0;
		};
		09B1806B1B778DA700FD0F7E /* Resources */ = {
			isa = PBXResourcesBuildPhase;
			buildActionMask = 2147483647;
			files = (
			);
			runOnlyForDeploymentPostprocessing = 0;
		};
/* End PBXResourcesBuildPhase section */

/* Begin PBXSourcesBuildPhase section */
		09B1804D1B778DA700FD0F7E /* Sources */ = {
			isa = PBXSourcesBuildPhase;
			buildActionMask = 2147483647;
			files = (
				093480F21B7A1A64000B2875 /* UIView+Extension.m in Sources */,
				093480F71B7A1EA9000B2875 /* UIBarButtonItem+ZYExtension.m in Sources */,
				09B1805D1B778DA700FD0F7E /* __HD.xcdatamodeld in Sources */,
				093481061B7A4A05000B2875 /* ZYCategoryViewController.m in Sources */,
				09B180571B778DA700FD0F7E /* main.m in Sources */,
				093481011B7A31A9000B2875 /* ZYHomeDropdown.m in Sources */,
				093480F01B7A1A64000B2875 /* ZYNavigationController.m in Sources */,
				09B180911B7792CE00FD0F7E /* ZYHomeViewController.m in Sources */,
				093480F31B7A1A64000B2875 /* ZYConst.m in Sources */,
				093480F11B7A1A64000B2875 /* AppDelegate.m in Sources */,
				093480FA1B7A24B4000B2875 /* ZYHomeTopItem.m in Sources */,
			);
			runOnlyForDeploymentPostprocessing = 0;
		};
		09B180691B778DA700FD0F7E /* Sources */ = {
			isa = PBXSourcesBuildPhase;
			buildActionMask = 2147483647;
			files = (
				09B180741B778DA700FD0F7E /* __HDTests.m in Sources */,
			);
			runOnlyForDeploymentPostprocessing = 0;
		};
/* End PBXSourcesBuildPhase section */

/* Begin PBXTargetDependency section */
		09B1806F1B778DA700FD0F7E /* PBXTargetDependency */ = {
			isa = PBXTargetDependency;
			target = 09B180501B778DA700FD0F7E /* 团购HD */;
			targetProxy = 09B1806E1B778DA700FD0F7E /* PBXContainerItemProxy */;
		};
/* End PBXTargetDependency section */

/* Begin XCBuildConfiguration section */
		09B180751B778DA700FD0F7E /* Debug */ = {
			isa = XCBuildConfiguration;
			buildSettings = {
				ALWAYS_SEARCH_USER_PATHS = NO;
				CLANG_CXX_LANGUAGE_STANDARD = "gnu++0x";
				CLANG_CXX_LIBRARY = "libc++";
				CLANG_ENABLE_MODULES = YES;
				CLANG_ENABLE_OBJC_ARC = YES;
				CLANG_WARN_BOOL_CONVERSION = YES;
				CLANG_WARN_CONSTANT_CONVERSION = YES;
				CLANG_WARN_DIRECT_OBJC_ISA_USAGE = YES_ERROR;
				CLANG_WARN_EMPTY_BODY = YES;
				CLANG_WARN_ENUM_CONVERSION = YES;
				CLANG_WARN_INT_CONVERSION = YES;
				CLANG_WARN_OBJC_ROOT_CLASS = YES_ERROR;
				CLANG_WARN_UNREACHABLE_CODE = YES;
				CLANG_WARN__DUPLICATE_METHOD_MATCH = YES;
				"CODE_SIGN_IDENTITY[sdk=iphoneos*]" = "iPhone Developer";
				COPY_PHASE_STRIP = NO;
				DEBUG_INFORMATION_FORMAT = "dwarf-with-dsym";
				ENABLE_STRICT_OBJC_MSGSEND = YES;
				GCC_C_LANGUAGE_STANDARD = gnu99;
				GCC_DYNAMIC_NO_PIC = NO;
				GCC_NO_COMMON_BLOCKS = YES;
				GCC_OPTIMIZATION_LEVEL = 0;
				GCC_PREPROCESSOR_DEFINITIONS = (
					"DEBUG=1",
					"$(inherited)",
				);
				GCC_SYMBOLS_PRIVATE_EXTERN = NO;
				GCC_WARN_64_TO_32_BIT_CONVERSION = YES;
				GCC_WARN_ABOUT_RETURN_TYPE = YES_ERROR;
				GCC_WARN_UNDECLARED_SELECTOR = YES;
				GCC_WARN_UNINITIALIZED_AUTOS = YES_AGGRESSIVE;
				GCC_WARN_UNUSED_FUNCTION = YES;
				GCC_WARN_UNUSED_VARIABLE = YES;
				IPHONEOS_DEPLOYMENT_TARGET = 8.4;
				MTL_ENABLE_DEBUG_INFO = YES;
				ONLY_ACTIVE_ARCH = YES;
				SDKROOT = iphoneos;
				TARGETED_DEVICE_FAMILY = 2;
			};
			name = Debug;
		};
		09B180761B778DA700FD0F7E /* Release */ = {
			isa = XCBuildConfiguration;
			buildSettings = {
				ALWAYS_SEARCH_USER_PATHS = NO;
				CLANG_CXX_LANGUAGE_STANDARD = "gnu++0x";
				CLANG_CXX_LIBRARY = "libc++";
				CLANG_ENABLE_MODULES = YES;
				CLANG_ENABLE_OBJC_ARC = YES;
				CLANG_WARN_BOOL_CONVERSION = YES;
				CLANG_WARN_CONSTANT_CONVERSION = YES;
				CLANG_WARN_DIRECT_OBJC_ISA_USAGE = YES_ERROR;
				CLANG_WARN_EMPTY_BODY = YES;
				CLANG_WARN_ENUM_CONVERSION = YES;
				CLANG_WARN_INT_CONVERSION = YES;
				CLANG_WARN_OBJC_ROOT_CLASS = YES_ERROR;
				CLANG_WARN_UNREACHABLE_CODE = YES;
				CLANG_WARN__DUPLICATE_METHOD_MATCH = YES;
				"CODE_SIGN_IDENTITY[sdk=iphoneos*]" = "iPhone Developer";
				COPY_PHASE_STRIP = NO;
				DEBUG_INFORMATION_FORMAT = "dwarf-with-dsym";
				ENABLE_NS_ASSERTIONS = NO;
				ENABLE_STRICT_OBJC_MSGSEND = YES;
				GCC_C_LANGUAGE_STANDARD = gnu99;
				GCC_NO_COMMON_BLOCKS = YES;
				GCC_WARN_64_TO_32_BIT_CONVERSION = YES;
				GCC_WARN_ABOUT_RETURN_TYPE = YES_ERROR;
				GCC_WARN_UNDECLARED_SELECTOR = YES;
				GCC_WARN_UNINITIALIZED_AUTOS = YES_AGGRESSIVE;
				GCC_WARN_UNUSED_FUNCTION = YES;
				GCC_WARN_UNUSED_VARIABLE = YES;
				IPHONEOS_DEPLOYMENT_TARGET = 8.4;
				MTL_ENABLE_DEBUG_INFO = NO;
				SDKROOT = iphoneos;
				TARGETED_DEVICE_FAMILY = 2;
				VALIDATE_PRODUCT = YES;
			};
			name = Release;
		};
		09B180781B778DA700FD0F7E /* Debug */ = {
			isa = XCBuildConfiguration;
			buildSettings = {
				ASSETCATALOG_COMPILER_APPICON_NAME = AppIcon;
				ASSETCATALOG_COMPILER_LAUNCHIMAGE_NAME = LaunchImage;
				INFOPLIST_FILE = "团购HD/Info.plist";
				LD_RUNPATH_SEARCH_PATHS = "$(inherited) @executable_path/Frameworks";
				PRODUCT_NAME = "$(TARGET_NAME)";
			};
			name = Debug;
		};
		09B180791B778DA700FD0F7E /* Release */ = {
			isa = XCBuildConfiguration;
			buildSettings = {
				ASSETCATALOG_COMPILER_APPICON_NAME = AppIcon;
				ASSETCATALOG_COMPILER_LAUNCHIMAGE_NAME = LaunchImage;
				INFOPLIST_FILE = "团购HD/Info.plist";
				LD_RUNPATH_SEARCH_PATHS = "$(inherited) @executable_path/Frameworks";
				PRODUCT_NAME = "$(TARGET_NAME)";
			};
			name = Release;
		};
		09B1807B1B778DA700FD0F7E /* Debug */ = {
			isa = XCBuildConfiguration;
			buildSettings = {
				BUNDLE_LOADER = "$(TEST_HOST)";
				FRAMEWORK_SEARCH_PATHS = (
					"$(SDKROOT)/Developer/Library/Frameworks",
					"$(inherited)",
				);
				GCC_PREPROCESSOR_DEFINITIONS = (
					"DEBUG=1",
					"$(inherited)",
				);
				INFOPLIST_FILE = "团购HDTests/Info.plist";
				LD_RUNPATH_SEARCH_PATHS = "$(inherited) @executable_path/Frameworks @loader_path/Frameworks";
				PRODUCT_NAME = "$(TARGET_NAME)";
				TEST_HOST = "$(BUILT_PRODUCTS_DIR)/团购HD.app/团购HD";
			};
			name = Debug;
		};
		09B1807C1B778DA700FD0F7E /* Release */ = {
			isa = XCBuildConfiguration;
			buildSettings = {
				BUNDLE_LOADER = "$(TEST_HOST)";
				FRAMEWORK_SEARCH_PATHS = (
					"$(SDKROOT)/Developer/Library/Frameworks",
					"$(inherited)",
				);
				INFOPLIST_FILE = "团购HDTests/Info.plist";
				LD_RUNPATH_SEARCH_PATHS = "$(inherited) @executable_path/Frameworks @loader_path/Frameworks";
				PRODUCT_NAME = "$(TARGET_NAME)";
				TEST_HOST = "$(BUILT_PRODUCTS_DIR)/团购HD.app/团购HD";
			};
			name = Release;
		};
/* End XCBuildConfiguration section */

/* Begin XCConfigurationList section */
		09B1804C1B778DA700FD0F7E /* Build configuration list for PBXProject "团购HD" */ = {
			isa = XCConfigurationList;
			buildConfigurations = (
				09B180751B778DA700FD0F7E /* Debug */,
				09B180761B778DA700FD0F7E /* Release */,
			);
			defaultConfigurationIsVisible = 0;
			defaultConfigurationName = Release;
		};
		09B180771B778DA700FD0F7E /* Build configuration list for PBXNativeTarget "团购HD" */ = {
			isa = XCConfigurationList;
			buildConfigurations = (
				09B180781B778DA700FD0F7E /* Debug */,
				09B180791B778DA700FD0F7E /* Release */,
			);
			defaultConfigurationIsVisible = 0;
			defaultConfigurationName = Release;
		};
		09B1807A1B778DA700FD0F7E /* Build configuration list for PBXNativeTarget "团购HDTests" */ = {
			isa = XCConfigurationList;
			buildConfigurations = (
				09B1807B1B778DA700FD0F7E /* Debug */,
				09B1807C1B778DA700FD0F7E /* Release */,
			);
			defaultConfigurationIsVisible = 0;
			defaultConfigurationName = Release;
		};
/* End XCConfigurationList section */

/* Begin XCVersionGroup section */
		09B1805B1B778DA700FD0F7E /* __HD.xcdatamodeld */ = {
			isa = XCVersionGroup;
			children = (
				09B1805C1B778DA700FD0F7E /* __HD.xcdatamodel */,
			);
			currentVersion = 09B1805C1B778DA700FD0F7E /* __HD.xcdatamodel */;
			path = __HD.xcdatamodeld;
			sourceTree = "<group>";
			versionGroupType = wrapper.xcdatamodel;
		};
/* End XCVersionGroup section */
	};
	rootObject = 09B180491B778DA700FD0F7E /* Project object */;
}
