// !$*UTF8*$!
{
	archiveVersion = 1;
	classes = {
	};
	objectVersion = 46;
	objects = {

/* Begin PBXBuildFile section */
		0903F1041B958DB600F38A53 /* ZYDealTool.m in Sources */ = {isa = PBXBuildFile; fileRef = 0903F1031B958DB600F38A53 /* ZYDealTool.m */; };
		0903F1111B958DE100F38A53 /* FMDatabase.m in Sources */ = {isa = PBXBuildFile; fileRef = 0903F1071B958DE100F38A53 /* FMDatabase.m */; };
		0903F1121B958DE100F38A53 /* FMDatabaseAdditions.m in Sources */ = {isa = PBXBuildFile; fileRef = 0903F1091B958DE100F38A53 /* FMDatabaseAdditions.m */; };
		0903F1131B958DE100F38A53 /* FMDatabasePool.m in Sources */ = {isa = PBXBuildFile; fileRef = 0903F10B1B958DE100F38A53 /* FMDatabasePool.m */; };
		0903F1141B958DE100F38A53 /* FMDatabaseQueue.m in Sources */ = {isa = PBXBuildFile; fileRef = 0903F10D1B958DE100F38A53 /* FMDatabaseQueue.m */; };
		0903F1151B958DE100F38A53 /* FMResultSet.m in Sources */ = {isa = PBXBuildFile; fileRef = 0903F1101B958DE100F38A53 /* FMResultSet.m */; };
		0903F1171B958E0A00F38A53 /* libsqlite3.dylib in Frameworks */ = {isa = PBXBuildFile; fileRef = 0903F1161B958E0A00F38A53 /* libsqlite3.dylib */; };
		093249051B942987007A1E7B /* ZYDetailViewController.m in Sources */ = {isa = PBXBuildFile; fileRef = 093249031B942987007A1E7B /* ZYDetailViewController.m */; };
		093249061B942987007A1E7B /* ZYDetailViewController.xib in Resources */ = {isa = PBXBuildFile; fileRef = 093249041B942987007A1E7B /* ZYDetailViewController.xib */; };
		093249091B943F2F007A1E7B /* ZYRestrictions.m in Sources */ = {isa = PBXBuildFile; fileRef = 093249081B943F2F007A1E7B /* ZYRestrictions.m */; };
		093480F01B7A1A64000B2875 /* ZYNavigationController.m in Sources */ = {isa = PBXBuildFile; fileRef = 093480E61B7A1A64000B2875 /* ZYNavigationController.m */; };
		093480F11B7A1A64000B2875 /* AppDelegate.m in Sources */ = {isa = PBXBuildFile; fileRef = 093480EA1B7A1A64000B2875 /* AppDelegate.m */; };
		093480F21B7A1A64000B2875 /* UIView+Extension.m in Sources */ = {isa = PBXBuildFile; fileRef = 093480EC1B7A1A64000B2875 /* UIView+Extension.m */; };
		093480F31B7A1A64000B2875 /* ZYConst.m in Sources */ = {isa = PBXBuildFile; fileRef = 093480EE1B7A1A64000B2875 /* ZYConst.m */; };
		093480F71B7A1EA9000B2875 /* UIBarButtonItem+ZYExtension.m in Sources */ = {isa = PBXBuildFile; fileRef = 093480F61B7A1EA9000B2875 /* UIBarButtonItem+ZYExtension.m */; };
		093480FA1B7A24B4000B2875 /* ZYHomeTopItem.m in Sources */ = {isa = PBXBuildFile; fileRef = 093480F91B7A24B4000B2875 /* ZYHomeTopItem.m */; };
		093480FC1B7A24CB000B2875 /* ZYHomeTopItem.xib in Resources */ = {isa = PBXBuildFile; fileRef = 093480FB1B7A24CB000B2875 /* ZYHomeTopItem.xib */; };
		093481011B7A31A9000B2875 /* ZYHomeDropdown.m in Sources */ = {isa = PBXBuildFile; fileRef = 093481001B7A31A9000B2875 /* ZYHomeDropdown.m */; };
		093481031B7A31BA000B2875 /* ZYHomeDropdown.xib in Resources */ = {isa = PBXBuildFile; fileRef = 093481021B7A31BA000B2875 /* ZYHomeDropdown.xib */; };
		093481061B7A4A05000B2875 /* ZYCategoryViewController.m in Sources */ = {isa = PBXBuildFile; fileRef = 093481051B7A4A05000B2875 /* ZYCategoryViewController.m */; };
		0935177A1B8D6EEE00781FE2 /* AwesomeMenu.m in Sources */ = {isa = PBXBuildFile; fileRef = 093517771B8D6EEE00781FE2 /* AwesomeMenu.m */; };
		0935177B1B8D6EEE00781FE2 /* AwesomeMenuItem.m in Sources */ = {isa = PBXBuildFile; fileRef = 093517791B8D6EEE00781FE2 /* AwesomeMenuItem.m */; };
		096A28571B8C17A400B66AC5 /* MBProgressHUD+MJ.m in Sources */ = {isa = PBXBuildFile; fileRef = 096A28531B8C17A400B66AC5 /* MBProgressHUD+MJ.m */; };
		096A28581B8C17A400B66AC5 /* MBProgressHUD.bundle in Resources */ = {isa = PBXBuildFile; fileRef = 096A28541B8C17A400B66AC5 /* MBProgressHUD.bundle */; };
		096A28591B8C17A400B66AC5 /* MBProgressHUD.m in Sources */ = {isa = PBXBuildFile; fileRef = 096A28561B8C17A400B66AC5 /* MBProgressHUD.m */; };
		096A285C1B8C3DBB00B66AC5 /* ZYDealViewController.m in Sources */ = {isa = PBXBuildFile; fileRef = 096A285B1B8C3DBB00B66AC5 /* ZYDealViewController.m */; };
		096A28611B8C487400B66AC5 /* ZYSearchViewController.m in Sources */ = {isa = PBXBuildFile; fileRef = 096A28601B8C487400B66AC5 /* ZYSearchViewController.m */; };
		097270F11B860AD8007E2012 /* ZYSortViewController.m in Sources */ = {isa = PBXBuildFile; fileRef = 097270F01B860AD8007E2012 /* ZYSortViewController.m */; };
		09937F211B8AF53600597929 /* ZYDeal.m in Sources */ = {isa = PBXBuildFile; fileRef = 09937F201B8AF53600597929 /* ZYDeal.m */; };
		09937F251B8AF81400597929 /* ZYDealCell.m in Sources */ = {isa = PBXBuildFile; fileRef = 09937F231B8AF81400597929 /* ZYDealCell.m */; };
		09937F261B8AF81400597929 /* ZYDealCell.xib in Resources */ = {isa = PBXBuildFile; fileRef = 09937F241B8AF81400597929 /* ZYDealCell.xib */; };
		09937F5B1B8B079E00597929 /* ZYCenterLineLabel.m in Sources */ = {isa = PBXBuildFile; fileRef = 09937F5A1B8B079E00597929 /* ZYCenterLineLabel.m */; };
		09937FD91B8B138300597929 /* DPAPI.m in Sources */ = {isa = PBXBuildFile; fileRef = 09937F761B8B138300597929 /* DPAPI.m */; };
		09937FDA1B8B138300597929 /* DPRequest.m in Sources */ = {isa = PBXBuildFile; fileRef = 09937F791B8B138300597929 /* DPRequest.m */; };
		09937FDB1B8B138300597929 /* MJConst.m in Sources */ = {isa = PBXBuildFile; fileRef = 09937F7C1B8B138300597929 /* MJConst.m */; };
		09937FDC1B8B138300597929 /* MJFoundation.m in Sources */ = {isa = PBXBuildFile; fileRef = 09937F7F1B8B138300597929 /* MJFoundation.m */; };
		09937FDD1B8B138300597929 /* MJIvar.m in Sources */ = {isa = PBXBuildFile; fileRef = 09937F811B8B138300597929 /* MJIvar.m */; };
		09937FDE1B8B138300597929 /* MJType.m in Sources */ = {isa = PBXBuildFile; fileRef = 09937F831B8B138300597929 /* MJType.m */; };
		09937FDF1B8B138300597929 /* NSObject+MJCoding.m in Sources */ = {isa = PBXBuildFile; fileRef = 09937F851B8B138300597929 /* NSObject+MJCoding.m */; };
		09937FE01B8B138300597929 /* NSObject+MJIvar.m in Sources */ = {isa = PBXBuildFile; fileRef = 09937F871B8B138300597929 /* NSObject+MJIvar.m */; };
		09937FE11B8B138300597929 /* NSObject+MJKeyValue.m in Sources */ = {isa = PBXBuildFile; fileRef = 09937F891B8B138300597929 /* NSObject+MJKeyValue.m */; };
		09937FE21B8B138300597929 /* MJRefreshAutoFooter.m in Sources */ = {isa = PBXBuildFile; fileRef = 09937F8D1B8B138300597929 /* MJRefreshAutoFooter.m */; };
		09937FE31B8B138300597929 /* MJRefreshBackFooter.m in Sources */ = {isa = PBXBuildFile; fileRef = 09937F8F1B8B138300597929 /* MJRefreshBackFooter.m */; };
		09937FE41B8B138300597929 /* MJRefreshComponent.m in Sources */ = {isa = PBXBuildFile; fileRef = 09937F911B8B138300597929 /* MJRefreshComponent.m */; };
		09937FE51B8B138300597929 /* MJRefreshFooter.m in Sources */ = {isa = PBXBuildFile; fileRef = 09937F931B8B138300597929 /* MJRefreshFooter.m */; };
		09937FE61B8B138300597929 /* MJRefreshHeader.m in Sources */ = {isa = PBXBuildFile; fileRef = 09937F951B8B138300597929 /* MJRefreshHeader.m */; };
		09937FE71B8B138300597929 /* MJRefreshAutoGifFooter.m in Sources */ = {isa = PBXBuildFile; fileRef = 09937F9A1B8B138300597929 /* MJRefreshAutoGifFooter.m */; };
		09937FE81B8B138300597929 /* MJRefreshAutoNormalFooter.m in Sources */ = {isa = PBXBuildFile; fileRef = 09937F9C1B8B138300597929 /* MJRefreshAutoNormalFooter.m */; };
		09937FE91B8B138300597929 /* MJRefreshAutoStateFooter.m in Sources */ = {isa = PBXBuildFile; fileRef = 09937F9E1B8B138300597929 /* MJRefreshAutoStateFooter.m */; };
		09937FEA1B8B138300597929 /* MJRefreshBackGifFooter.m in Sources */ = {isa = PBXBuildFile; fileRef = 09937FA11B8B138300597929 /* MJRefreshBackGifFooter.m */; };
		09937FEB1B8B138300597929 /* MJRefreshBackNormalFooter.m in Sources */ = {isa = PBXBuildFile; fileRef = 09937FA31B8B138300597929 /* MJRefreshBackNormalFooter.m */; };
		09937FEC1B8B138300597929 /* MJRefreshBackStateFooter.m in Sources */ = {isa = PBXBuildFile; fileRef = 09937FA51B8B138300597929 /* MJRefreshBackStateFooter.m */; };
		09937FED1B8B138300597929 /* MJRefreshGifHeader.m in Sources */ = {isa = PBXBuildFile; fileRef = 09937FA81B8B138300597929 /* MJRefreshGifHeader.m */; };
		09937FEE1B8B138300597929 /* MJRefreshNormalHeader.m in Sources */ = {isa = PBXBuildFile; fileRef = 09937FAA1B8B138300597929 /* MJRefreshNormalHeader.m */; };
		09937FEF1B8B138300597929 /* MJRefreshStateHeader.m in Sources */ = {isa = PBXBuildFile; fileRef = 09937FAC1B8B138300597929 /* MJRefreshStateHeader.m */; };
		09937FF01B8B138300597929 /* MJRefresh.bundle in Resources */ = {isa = PBXBuildFile; fileRef = 09937FAD1B8B138300597929 /* MJRefresh.bundle */; };
		09937FF11B8B138300597929 /* MJRefreshConst.m in Sources */ = {isa = PBXBuildFile; fileRef = 09937FB01B8B138300597929 /* MJRefreshConst.m */; };
		09937FF21B8B138300597929 /* UIScrollView+MJExtension.m in Sources */ = {isa = PBXBuildFile; fileRef = 09937FB21B8B138300597929 /* UIScrollView+MJExtension.m */; };
		09937FF31B8B138300597929 /* UIScrollView+MJRefresh.m in Sources */ = {isa = PBXBuildFile; fileRef = 09937FB41B8B138300597929 /* UIScrollView+MJRefresh.m */; };
		09937FF41B8B138300597929 /* UIView+MJExtension.m in Sources */ = {isa = PBXBuildFile; fileRef = 09937FB61B8B138300597929 /* UIView+MJExtension.m */; };
		09937FF51B8B138300597929 /* MKAnnotationView+WebCache.m in Sources */ = {isa = PBXBuildFile; fileRef = 09937FB91B8B138300597929 /* MKAnnotationView+WebCache.m */; };
		09937FF61B8B138300597929 /* NSData+ImageContentType.m in Sources */ = {isa = PBXBuildFile; fileRef = 09937FBB1B8B138300597929 /* NSData+ImageContentType.m */; };
		09937FF71B8B138300597929 /* SDImageCache.m in Sources */ = {isa = PBXBuildFile; fileRef = 09937FBD1B8B138300597929 /* SDImageCache.m */; };
		09937FF81B8B138300597929 /* SDWebImageCompat.m in Sources */ = {isa = PBXBuildFile; fileRef = 09937FBF1B8B138300597929 /* SDWebImageCompat.m */; };
		09937FF91B8B138300597929 /* SDWebImageDecoder.m in Sources */ = {isa = PBXBuildFile; fileRef = 09937FC11B8B138300597929 /* SDWebImageDecoder.m */; };
		09937FFA1B8B138300597929 /* SDWebImageDownloader.m in Sources */ = {isa = PBXBuildFile; fileRef = 09937FC31B8B138300597929 /* SDWebImageDownloader.m */; };
		09937FFB1B8B138300597929 /* SDWebImageDownloaderOperation.m in Sources */ = {isa = PBXBuildFile; fileRef = 09937FC51B8B138300597929 /* SDWebImageDownloaderOperation.m */; };
		09937FFC1B8B138300597929 /* SDWebImageManager.m in Sources */ = {isa = PBXBuildFile; fileRef = 09937FC71B8B138300597929 /* SDWebImageManager.m */; };
		09937FFD1B8B138300597929 /* SDWebImagePrefetcher.m in Sources */ = {isa = PBXBuildFile; fileRef = 09937FCA1B8B138300597929 /* SDWebImagePrefetcher.m */; };
		09937FFE1B8B138300597929 /* UIButton+WebCache.m in Sources */ = {isa = PBXBuildFile; fileRef = 09937FCC1B8B138300597929 /* UIButton+WebCache.m */; };
		09937FFF1B8B138300597929 /* UIImage+GIF.m in Sources */ = {isa = PBXBuildFile; fileRef = 09937FCE1B8B138300597929 /* UIImage+GIF.m */; };
		099380001B8B138300597929 /* UIImage+MultiFormat.m in Sources */ = {isa = PBXBuildFile; fileRef = 09937FD01B8B138300597929 /* UIImage+MultiFormat.m */; };
		099380011B8B138300597929 /* UIImage+WebP.m in Sources */ = {isa = PBXBuildFile; fileRef = 09937FD21B8B138300597929 /* UIImage+WebP.m */; };
		099380021B8B138300597929 /* UIImageView+HighlightedWebCache.m in Sources */ = {isa = PBXBuildFile; fileRef = 09937FD41B8B138300597929 /* UIImageView+HighlightedWebCache.m */; };
		099380031B8B138300597929 /* UIImageView+WebCache.m in Sources */ = {isa = PBXBuildFile; fileRef = 09937FD61B8B138300597929 /* UIImageView+WebCache.m */; };
		099380041B8B138300597929 /* UIView+WebCacheOperation.m in Sources */ = {isa = PBXBuildFile; fileRef = 09937FD81B8B138300597929 /* UIView+WebCacheOperation.m */; };
		09A8C2A91B80DAA3002B8112 /* UIView+AutoLayout.m in Sources */ = {isa = PBXBuildFile; fileRef = 09A8C2A81B80DAA3002B8112 /* UIView+AutoLayout.m */; };
		09A8C2B21B80E31E002B8112 /* ZYCitySearchResultTableViewController.m in Sources */ = {isa = PBXBuildFile; fileRef = 09A8C2B11B80E31E002B8112 /* ZYCitySearchResultTableViewController.m */; };
		09B180571B778DA700FD0F7E /* main.m in Sources */ = {isa = PBXBuildFile; fileRef = 09B180561B778DA700FD0F7E /* main.m */; };
		09B1805D1B778DA700FD0F7E /* __HD.xcdatamodeld in Sources */ = {isa = PBXBuildFile; fileRef = 09B1805B1B778DA700FD0F7E /* __HD.xcdatamodeld */; };
		09B180651B778DA700FD0F7E /* Images.xcassets in Resources */ = {isa = PBXBuildFile; fileRef = 09B180641B778DA700FD0F7E /* Images.xcassets */; };
		09B180741B778DA700FD0F7E /* __HDTests.m in Sources */ = {isa = PBXBuildFile; fileRef = 09B180731B778DA700FD0F7E /* __HDTests.m */; };
		09B180911B7792CE00FD0F7E /* ZYHomeViewController.m in Sources */ = {isa = PBXBuildFile; fileRef = 09B180901B7792CE00FD0F7E /* ZYHomeViewController.m */; };
		09D368C31B8222D900C08ED4 /* ZYMetaTool.m in Sources */ = {isa = PBXBuildFile; fileRef = 09D368C21B8222D900C08ED4 /* ZYMetaTool.m */; };
		09D368C61B8223E900C08ED4 /* ZYSort.m in Sources */ = {isa = PBXBuildFile; fileRef = 09D368C51B8223E900C08ED4 /* ZYSort.m */; };
		09FC9C871B7B6E6D002DDBD8 /* categories.plist in Resources */ = {isa = PBXBuildFile; fileRef = 09FC9C831B7B6E6D002DDBD8 /* categories.plist */; };
		09FC9C881B7B6E6D002DDBD8 /* cities.plist in Resources */ = {isa = PBXBuildFile; fileRef = 09FC9C841B7B6E6D002DDBD8 /* cities.plist */; };
		09FC9C891B7B6E6D002DDBD8 /* cityGroups.plist in Resources */ = {isa = PBXBuildFile; fileRef = 09FC9C851B7B6E6D002DDBD8 /* cityGroups.plist */; };
		09FC9C8A1B7B6E6D002DDBD8 /* sorts.plist in Resources */ = {isa = PBXBuildFile; fileRef = 09FC9C861B7B6E6D002DDBD8 /* sorts.plist */; };
		09FC9C8D1B7B6F63002DDBD8 /* ZYCityGroup.m in Sources */ = {isa = PBXBuildFile; fileRef = 09FC9C8C1B7B6F63002DDBD8 /* ZYCityGroup.m */; };
		09FC9C901B7B6FC2002DDBD8 /* ZYCategory.m in Sources */ = {isa = PBXBuildFile; fileRef = 09FC9C8F1B7B6FC2002DDBD8 /* ZYCategory.m */; };
		09FC9C931B7B70E5002DDBD8 /* ZYCity.m in Sources */ = {isa = PBXBuildFile; fileRef = 09FC9C921B7B70E5002DDBD8 /* ZYCity.m */; };
		09FC9C961B7B71B5002DDBD8 /* ZYRegion.m in Sources */ = {isa = PBXBuildFile; fileRef = 09FC9C951B7B71B5002DDBD8 /* ZYRegion.m */; };
		09FC9CB01B7B7459002DDBD8 /* ZYHomeMainCell.m in Sources */ = {isa = PBXBuildFile; fileRef = 09FC9CAF1B7B7459002DDBD8 /* ZYHomeMainCell.m */; };
		09FC9CB31B7B746F002DDBD8 /* ZYHomeSubCell.m in Sources */ = {isa = PBXBuildFile; fileRef = 09FC9CB21B7B746F002DDBD8 /* ZYHomeSubCell.m */; };
		09FC9CB71B7B873A002DDBD8 /* ZYDistrictViewController.m in Sources */ = {isa = PBXBuildFile; fileRef = 09FC9CB51B7B873A002DDBD8 /* ZYDistrictViewController.m */; };
		09FC9CB81B7B873A002DDBD8 /* ZYDistrictViewController.xib in Resources */ = {isa = PBXBuildFile; fileRef = 09FC9CB61B7B873A002DDBD8 /* ZYDistrictViewController.xib */; };
		09FC9CBC1B7B8C63002DDBD8 /* ZYCityViewController.m in Sources */ = {isa = PBXBuildFile; fileRef = 09FC9CBA1B7B8C63002DDBD8 /* ZYCityViewController.m */; };
		09FC9CBD1B7B8C63002DDBD8 /* ZYCityViewController.xib in Resources */ = {isa = PBXBuildFile; fileRef = 09FC9CBB1B7B8C63002DDBD8 /* ZYCityViewController.xib */; };
/* End PBXBuildFile section */

/* Begin PBXContainerItemProxy section */
		09B1806E1B778DA700FD0F7E /* PBXContainerItemProxy */ = {
			isa = PBXContainerItemProxy;
			containerPortal = 09B180491B778DA700FD0F7E /* Project object */;
			proxyType = 1;
			remoteGlobalIDString = 09B180501B778DA700FD0F7E;
			remoteInfo = "团购HD";
		};
/* End PBXContainerItemProxy section */

/* Begin PBXFileReference section */
		0903F1021B958DB600F38A53 /* ZYDealTool.h */ = {isa = PBXFileReference; fileEncoding = 4; lastKnownFileType = sourcecode.c.h; path = ZYDealTool.h; sourceTree = "<group>"; };
		0903F1031B958DB600F38A53 /* ZYDealTool.m */ = {isa = PBXFileReference; fileEncoding = 4; lastKnownFileType = sourcecode.c.objc; path = ZYDealTool.m; sourceTree = "<group>"; };
		0903F1061B958DE100F38A53 /* FMDatabase.h */ = {isa = PBXFileReference; fileEncoding = 4; lastKnownFileType = sourcecode.c.h; path = FMDatabase.h; sourceTree = "<group>"; };
		0903F1071B958DE100F38A53 /* FMDatabase.m */ = {isa = PBXFileReference; fileEncoding = 4; lastKnownFileType = sourcecode.c.objc; path = FMDatabase.m; sourceTree = "<group>"; };
		0903F1081B958DE100F38A53 /* FMDatabaseAdditions.h */ = {isa = PBXFileReference; fileEncoding = 4; lastKnownFileType = sourcecode.c.h; path = FMDatabaseAdditions.h; sourceTree = "<group>"; };
		0903F1091B958DE100F38A53 /* FMDatabaseAdditions.m */ = {isa = PBXFileReference; fileEncoding = 4; lastKnownFileType = sourcecode.c.objc; path = FMDatabaseAdditions.m; sourceTree = "<group>"; };
		0903F10A1B958DE100F38A53 /* FMDatabasePool.h */ = {isa = PBXFileReference; fileEncoding = 4; lastKnownFileType = sourcecode.c.h; path = FMDatabasePool.h; sourceTree = "<group>"; };
		0903F10B1B958DE100F38A53 /* FMDatabasePool.m */ = {isa = PBXFileReference; fileEncoding = 4; lastKnownFileType = sourcecode.c.objc; path = FMDatabasePool.m; sourceTree = "<group>"; };
		0903F10C1B958DE100F38A53 /* FMDatabaseQueue.h */ = {isa = PBXFileReference; fileEncoding = 4; lastKnownFileType = sourcecode.c.h; path = FMDatabaseQueue.h; sourceTree = "<group>"; };
		0903F10D1B958DE100F38A53 /* FMDatabaseQueue.m */ = {isa = PBXFileReference; fileEncoding = 4; lastKnownFileType = sourcecode.c.objc; path = FMDatabaseQueue.m; sourceTree = "<group>"; };
		0903F10E1B958DE100F38A53 /* FMDB.h */ = {isa = PBXFileReference; fileEncoding = 4; lastKnownFileType = sourcecode.c.h; path = FMDB.h; sourceTree = "<group>"; };
		0903F10F1B958DE100F38A53 /* FMResultSet.h */ = {isa = PBXFileReference; fileEncoding = 4; lastKnownFileType = sourcecode.c.h; path = FMResultSet.h; sourceTree = "<group>"; };
		0903F1101B958DE100F38A53 /* FMResultSet.m */ = {isa = PBXFileReference; fileEncoding = 4; lastKnownFileType = sourcecode.c.objc; path = FMResultSet.m; sourceTree = "<group>"; };
		0903F1161B958E0A00F38A53 /* libsqlite3.dylib */ = {isa = PBXFileReference; lastKnownFileType = "compiled.mach-o.dylib"; name = libsqlite3.dylib; path = usr/lib/libsqlite3.dylib; sourceTree = SDKROOT; };
		093249021B942987007A1E7B /* ZYDetailViewController.h */ = {isa = PBXFileReference; fileEncoding = 4; lastKnownFileType = sourcecode.c.h; path = ZYDetailViewController.h; sourceTree = "<group>"; };
		093249031B942987007A1E7B /* ZYDetailViewController.m */ = {isa = PBXFileReference; fileEncoding = 4; lastKnownFileType = sourcecode.c.objc; path = ZYDetailViewController.m; sourceTree = "<group>"; };
		093249041B942987007A1E7B /* ZYDetailViewController.xib */ = {isa = PBXFileReference; fileEncoding = 4; lastKnownFileType = file.xib; path = ZYDetailViewController.xib; sourceTree = "<group>"; };
		093249071B943F2F007A1E7B /* ZYRestrictions.h */ = {isa = PBXFileReference; fileEncoding = 4; lastKnownFileType = sourcecode.c.h; path = ZYRestrictions.h; sourceTree = "<group>"; };
		093249081B943F2F007A1E7B /* ZYRestrictions.m */ = {isa = PBXFileReference; fileEncoding = 4; lastKnownFileType = sourcecode.c.objc; path = ZYRestrictions.m; sourceTree = "<group>"; };
		093480E51B7A1A64000B2875 /* ZYNavigationController.h */ = {isa = PBXFileReference; fileEncoding = 4; lastKnownFileType = sourcecode.c.h; path = ZYNavigationController.h; sourceTree = "<group>"; };
		093480E61B7A1A64000B2875 /* ZYNavigationController.m */ = {isa = PBXFileReference; fileEncoding = 4; lastKnownFileType = sourcecode.c.objc; path = ZYNavigationController.m; sourceTree = "<group>"; };
		093480E91B7A1A64000B2875 /* AppDelegate.h */ = {isa = PBXFileReference; fileEncoding = 4; lastKnownFileType = sourcecode.c.h; path = AppDelegate.h; sourceTree = "<group>"; };
		093480EA1B7A1A64000B2875 /* AppDelegate.m */ = {isa = PBXFileReference; fileEncoding = 4; lastKnownFileType = sourcecode.c.objc; path = AppDelegate.m; sourceTree = "<group>"; };
		093480EB1B7A1A64000B2875 /* UIView+Extension.h */ = {isa = PBXFileReference; fileEncoding = 4; lastKnownFileType = sourcecode.c.h; path = "UIView+Extension.h"; sourceTree = "<group>"; };
		093480EC1B7A1A64000B2875 /* UIView+Extension.m */ = {isa = PBXFileReference; fileEncoding = 4; lastKnownFileType = sourcecode.c.objc; path = "UIView+Extension.m"; sourceTree = "<group>"; };
		093480ED1B7A1A64000B2875 /* ZYConst.h */ = {isa = PBXFileReference; fileEncoding = 4; lastKnownFileType = sourcecode.c.h; path = ZYConst.h; sourceTree = "<group>"; };
		093480EE1B7A1A64000B2875 /* ZYConst.m */ = {isa = PBXFileReference; fileEncoding = 4; lastKnownFileType = sourcecode.c.objc; path = ZYConst.m; sourceTree = "<group>"; };
		093480F51B7A1EA9000B2875 /* UIBarButtonItem+ZYExtension.h */ = {isa = PBXFileReference; fileEncoding = 4; lastKnownFileType = sourcecode.c.h; path = "UIBarButtonItem+ZYExtension.h"; sourceTree = "<group>"; };
		093480F61B7A1EA9000B2875 /* UIBarButtonItem+ZYExtension.m */ = {isa = PBXFileReference; fileEncoding = 4; lastKnownFileType = sourcecode.c.objc; path = "UIBarButtonItem+ZYExtension.m"; sourceTree = "<group>"; };
		093480F81B7A24B4000B2875 /* ZYHomeTopItem.h */ = {isa = PBXFileReference; fileEncoding = 4; lastKnownFileType = sourcecode.c.h; path = ZYHomeTopItem.h; sourceTree = "<group>"; };
		093480F91B7A24B4000B2875 /* ZYHomeTopItem.m */ = {isa = PBXFileReference; fileEncoding = 4; lastKnownFileType = sourcecode.c.objc; path = ZYHomeTopItem.m; sourceTree = "<group>"; };
		093480FB1B7A24CB000B2875 /* ZYHomeTopItem.xib */ = {isa = PBXFileReference; fileEncoding = 4; lastKnownFileType = file.xib; path = ZYHomeTopItem.xib; sourceTree = "<group>"; };
		093480FF1B7A31A9000B2875 /* ZYHomeDropdown.h */ = {isa = PBXFileReference; fileEncoding = 4; lastKnownFileType = sourcecode.c.h; path = ZYHomeDropdown.h; sourceTree = "<group>"; };
		093481001B7A31A9000B2875 /* ZYHomeDropdown.m */ = {isa = PBXFileReference; fileEncoding = 4; lastKnownFileType = sourcecode.c.objc; path = ZYHomeDropdown.m; sourceTree = "<group>"; };
		093481021B7A31BA000B2875 /* ZYHomeDropdown.xib */ = {isa = PBXFileReference; fileEncoding = 4; lastKnownFileType = file.xib; path = ZYHomeDropdown.xib; sourceTree = "<group>"; };
		093481041B7A4A05000B2875 /* ZYCategoryViewController.h */ = {isa = PBXFileReference; fileEncoding = 4; lastKnownFileType = sourcecode.c.h; path = ZYCategoryViewController.h; sourceTree = "<group>"; };
		093481051B7A4A05000B2875 /* ZYCategoryViewController.m */ = {isa = PBXFileReference; fileEncoding = 4; lastKnownFileType = sourcecode.c.objc; path = ZYCategoryViewController.m; sourceTree = "<group>"; };
		093517761B8D6EEE00781FE2 /* AwesomeMenu.h */ = {isa = PBXFileReference; fileEncoding = 4; lastKnownFileType = sourcecode.c.h; path = AwesomeMenu.h; sourceTree = "<group>"; };
		093517771B8D6EEE00781FE2 /* AwesomeMenu.m */ = {isa = PBXFileReference; fileEncoding = 4; lastKnownFileType = sourcecode.c.objc; path = AwesomeMenu.m; sourceTree = "<group>"; };
		093517781B8D6EEE00781FE2 /* AwesomeMenuItem.h */ = {isa = PBXFileReference; fileEncoding = 4; lastKnownFileType = sourcecode.c.h; path = AwesomeMenuItem.h; sourceTree = "<group>"; };
		093517791B8D6EEE00781FE2 /* AwesomeMenuItem.m */ = {isa = PBXFileReference; fileEncoding = 4; lastKnownFileType = sourcecode.c.objc; path = AwesomeMenuItem.m; sourceTree = "<group>"; };
		096A28521B8C17A400B66AC5 /* MBProgressHUD+MJ.h */ = {isa = PBXFileReference; fileEncoding = 4; lastKnownFileType = sourcecode.c.h; path = "MBProgressHUD+MJ.h"; sourceTree = "<group>"; };
		096A28531B8C17A400B66AC5 /* MBProgressHUD+MJ.m */ = {isa = PBXFileReference; fileEncoding = 4; lastKnownFileType = sourcecode.c.objc; path = "MBProgressHUD+MJ.m"; sourceTree = "<group>"; };
		096A28541B8C17A400B66AC5 /* MBProgressHUD.bundle */ = {isa = PBXFileReference; lastKnownFileType = "wrapper.plug-in"; path = MBProgressHUD.bundle; sourceTree = "<group>"; };
		096A28551B8C17A400B66AC5 /* MBProgressHUD.h */ = {isa = PBXFileReference; fileEncoding = 4; lastKnownFileType = sourcecode.c.h; path = MBProgressHUD.h; sourceTree = "<group>"; };
		096A28561B8C17A400B66AC5 /* MBProgressHUD.m */ = {isa = PBXFileReference; fileEncoding = 4; lastKnownFileType = sourcecode.c.objc; path = MBProgressHUD.m; sourceTree = "<group>"; };
		096A285A1B8C3DBB00B66AC5 /* ZYDealViewController.h */ = {isa = PBXFileReference; fileEncoding = 4; lastKnownFileType = sourcecode.c.h; path = ZYDealViewController.h; sourceTree = "<group>"; };
		096A285B1B8C3DBB00B66AC5 /* ZYDealViewController.m */ = {isa = PBXFileReference; fileEncoding = 4; lastKnownFileType = sourcecode.c.objc; path = ZYDealViewController.m; sourceTree = "<group>"; };
		096A285F1B8C487400B66AC5 /* ZYSearchViewController.h */ = {isa = PBXFileReference; fileEncoding = 4; lastKnownFileType = sourcecode.c.h; path = ZYSearchViewController.h; sourceTree = "<group>"; };
		096A28601B8C487400B66AC5 /* ZYSearchViewController.m */ = {isa = PBXFileReference; fileEncoding = 4; lastKnownFileType = sourcecode.c.objc; path = ZYSearchViewController.m; sourceTree = "<group>"; };
		097270EF1B860AD8007E2012 /* ZYSortViewController.h */ = {isa = PBXFileReference; fileEncoding = 4; lastKnownFileType = sourcecode.c.h; path = ZYSortViewController.h; sourceTree = "<group>"; };
		097270F01B860AD8007E2012 /* ZYSortViewController.m */ = {isa = PBXFileReference; fileEncoding = 4; lastKnownFileType = sourcecode.c.objc; path = ZYSortViewController.m; sourceTree = "<group>"; };
		09937F1F1B8AF53600597929 /* ZYDeal.h */ = {isa = PBXFileReference; fileEncoding = 4; lastKnownFileType = sourcecode.c.h; path = ZYDeal.h; sourceTree = "<group>"; };
		09937F201B8AF53600597929 /* ZYDeal.m */ = {isa = PBXFileReference; fileEncoding = 4; lastKnownFileType = sourcecode.c.objc; path = ZYDeal.m; sourceTree = "<group>"; };
		09937F221B8AF81400597929 /* ZYDealCell.h */ = {isa = PBXFileReference; fileEncoding = 4; lastKnownFileType = sourcecode.c.h; path = ZYDealCell.h; sourceTree = "<group>"; };
		09937F231B8AF81400597929 /* ZYDealCell.m */ = {isa = PBXFileReference; fileEncoding = 4; lastKnownFileType = sourcecode.c.objc; path = ZYDealCell.m; sourceTree = "<group>"; };
		09937F241B8AF81400597929 /* ZYDealCell.xib */ = {isa = PBXFileReference; fileEncoding = 4; lastKnownFileType = file.xib; path = ZYDealCell.xib; sourceTree = "<group>"; };
		09937F591B8B079E00597929 /* ZYCenterLineLabel.h */ = {isa = PBXFileReference; fileEncoding = 4; lastKnownFileType = sourcecode.c.h; path = ZYCenterLineLabel.h; sourceTree = "<group>"; };
		09937F5A1B8B079E00597929 /* ZYCenterLineLabel.m */ = {isa = PBXFileReference; fileEncoding = 4; lastKnownFileType = sourcecode.c.objc; path = ZYCenterLineLabel.m; sourceTree = "<group>"; };
		09937F751B8B138300597929 /* DPAPI.h */ = {isa = PBXFileReference; fileEncoding = 4; lastKnownFileType = sourcecode.c.h; path = DPAPI.h; sourceTree = "<group>"; };
		09937F761B8B138300597929 /* DPAPI.m */ = {isa = PBXFileReference; fileEncoding = 4; lastKnownFileType = sourcecode.c.objc; path = DPAPI.m; sourceTree = "<group>"; };
		09937F771B8B138300597929 /* DPConstants.h */ = {isa = PBXFileReference; fileEncoding = 4; lastKnownFileType = sourcecode.c.h; path = DPConstants.h; sourceTree = "<group>"; };
		09937F781B8B138300597929 /* DPRequest.h */ = {isa = PBXFileReference; fileEncoding = 4; lastKnownFileType = sourcecode.c.h; path = DPRequest.h; sourceTree = "<group>"; };
		09937F791B8B138300597929 /* DPRequest.m */ = {isa = PBXFileReference; fileEncoding = 4; lastKnownFileType = sourcecode.c.objc; path = DPRequest.m; sourceTree = "<group>"; };
		09937F7B1B8B138300597929 /* MJConst.h */ = {isa = PBXFileReference; fileEncoding = 4; lastKnownFileType = sourcecode.c.h; path = MJConst.h; sourceTree = "<group>"; };
		09937F7C1B8B138300597929 /* MJConst.m */ = {isa = PBXFileReference; fileEncoding = 4; lastKnownFileType = sourcecode.c.objc; path = MJConst.m; sourceTree = "<group>"; };
		09937F7D1B8B138300597929 /* MJExtension.h */ = {isa = PBXFileReference; fileEncoding = 4; lastKnownFileType = sourcecode.c.h; path = MJExtension.h; sourceTree = "<group>"; };
		09937F7E1B8B138300597929 /* MJFoundation.h */ = {isa = PBXFileReference; fileEncoding = 4; lastKnownFileType = sourcecode.c.h; path = MJFoundation.h; sourceTree = "<group>"; };
		09937F7F1B8B138300597929 /* MJFoundation.m */ = {isa = PBXFileReference; fileEncoding = 4; lastKnownFileType = sourcecode.c.objc; path = MJFoundation.m; sourceTree = "<group>"; };
		09937F801B8B138300597929 /* MJIvar.h */ = {isa = PBXFileReference; fileEncoding = 4; lastKnownFileType = sourcecode.c.h; path = MJIvar.h; sourceTree = "<group>"; };
		09937F811B8B138300597929 /* MJIvar.m */ = {isa = PBXFileReference; fileEncoding = 4; lastKnownFileType = sourcecode.c.objc; path = MJIvar.m; sourceTree = "<group>"; };
		09937F821B8B138300597929 /* MJType.h */ = {isa = PBXFileReference; fileEncoding = 4; lastKnownFileType = sourcecode.c.h; path = MJType.h; sourceTree = "<group>"; };
		09937F831B8B138300597929 /* MJType.m */ = {isa = PBXFileReference; fileEncoding = 4; lastKnownFileType = sourcecode.c.objc; path = MJType.m; sourceTree = "<group>"; };
		09937F841B8B138300597929 /* NSObject+MJCoding.h */ = {isa = PBXFileReference; fileEncoding = 4; lastKnownFileType = sourcecode.c.h; path = "NSObject+MJCoding.h"; sourceTree = "<group>"; };
		09937F851B8B138300597929 /* NSObject+MJCoding.m */ = {isa = PBXFileReference; fileEncoding = 4; lastKnownFileType = sourcecode.c.objc; path = "NSObject+MJCoding.m"; sourceTree = "<group>"; };
		09937F861B8B138300597929 /* NSObject+MJIvar.h */ = {isa = PBXFileReference; fileEncoding = 4; lastKnownFileType = sourcecode.c.h; path = "NSObject+MJIvar.h"; sourceTree = "<group>"; };
		09937F871B8B138300597929 /* NSObject+MJIvar.m */ = {isa = PBXFileReference; fileEncoding = 4; lastKnownFileType = sourcecode.c.objc; path = "NSObject+MJIvar.m"; sourceTree = "<group>"; };
		09937F881B8B138300597929 /* NSObject+MJKeyValue.h */ = {isa = PBXFileReference; fileEncoding = 4; lastKnownFileType = sourcecode.c.h; path = "NSObject+MJKeyValue.h"; sourceTree = "<group>"; };
		09937F891B8B138300597929 /* NSObject+MJKeyValue.m */ = {isa = PBXFileReference; fileEncoding = 4; lastKnownFileType = sourcecode.c.objc; path = "NSObject+MJKeyValue.m"; sourceTree = "<group>"; };
		09937F8C1B8B138300597929 /* MJRefreshAutoFooter.h */ = {isa = PBXFileReference; fileEncoding = 4; lastKnownFileType = sourcecode.c.h; path = MJRefreshAutoFooter.h; sourceTree = "<group>"; };
		09937F8D1B8B138300597929 /* MJRefreshAutoFooter.m */ = {isa = PBXFileReference; fileEncoding = 4; lastKnownFileType = sourcecode.c.objc; path = MJRefreshAutoFooter.m; sourceTree = "<group>"; };
		09937F8E1B8B138300597929 /* MJRefreshBackFooter.h */ = {isa = PBXFileReference; fileEncoding = 4; lastKnownFileType = sourcecode.c.h; path = MJRefreshBackFooter.h; sourceTree = "<group>"; };
		09937F8F1B8B138300597929 /* MJRefreshBackFooter.m */ = {isa = PBXFileReference; fileEncoding = 4; lastKnownFileType = sourcecode.c.objc; path = MJRefreshBackFooter.m; sourceTree = "<group>"; };
		09937F901B8B138300597929 /* MJRefreshComponent.h */ = {isa = PBXFileReference; fileEncoding = 4; lastKnownFileType = sourcecode.c.h; path = MJRefreshComponent.h; sourceTree = "<group>"; };
		09937F911B8B138300597929 /* MJRefreshComponent.m */ = {isa = PBXFileReference; fileEncoding = 4; lastKnownFileType = sourcecode.c.objc; path = MJRefreshComponent.m; sourceTree = "<group>"; };
		09937F921B8B138300597929 /* MJRefreshFooter.h */ = {isa = PBXFileReference; fileEncoding = 4; lastKnownFileType = sourcecode.c.h; path = MJRefreshFooter.h; sourceTree = "<group>"; };
		09937F931B8B138300597929 /* MJRefreshFooter.m */ = {isa = PBXFileReference; fileEncoding = 4; lastKnownFileType = sourcecode.c.objc; path = MJRefreshFooter.m; sourceTree = "<group>"; };
		09937F941B8B138300597929 /* MJRefreshHeader.h */ = {isa = PBXFileReference; fileEncoding = 4; lastKnownFileType = sourcecode.c.h; path = MJRefreshHeader.h; sourceTree = "<group>"; };
		09937F951B8B138300597929 /* MJRefreshHeader.m */ = {isa = PBXFileReference; fileEncoding = 4; lastKnownFileType = sourcecode.c.objc; path = MJRefreshHeader.m; sourceTree = "<group>"; };
		09937F991B8B138300597929 /* MJRefreshAutoGifFooter.h */ = {isa = PBXFileReference; fileEncoding = 4; lastKnownFileType = sourcecode.c.h; path = MJRefreshAutoGifFooter.h; sourceTree = "<group>"; };
		09937F9A1B8B138300597929 /* MJRefreshAutoGifFooter.m */ = {isa = PBXFileReference; fileEncoding = 4; lastKnownFileType = sourcecode.c.objc; path = MJRefreshAutoGifFooter.m; sourceTree = "<group>"; };
		09937F9B1B8B138300597929 /* MJRefreshAutoNormalFooter.h */ = {isa = PBXFileReference; fileEncoding = 4; lastKnownFileType = sourcecode.c.h; path = MJRefreshAutoNormalFooter.h; sourceTree = "<group>"; };
		09937F9C1B8B138300597929 /* MJRefreshAutoNormalFooter.m */ = {isa = PBXFileReference; fileEncoding = 4; lastKnownFileType = sourcecode.c.objc; path = MJRefreshAutoNormalFooter.m; sourceTree = "<group>"; };
		09937F9D1B8B138300597929 /* MJRefreshAutoStateFooter.h */ = {isa = PBXFileReference; fileEncoding = 4; lastKnownFileType = sourcecode.c.h; path = MJRefreshAutoStateFooter.h; sourceTree = "<group>"; };
		09937F9E1B8B138300597929 /* MJRefreshAutoStateFooter.m */ = {isa = PBXFileReference; fileEncoding = 4; lastKnownFileType = sourcecode.c.objc; path = MJRefreshAutoStateFooter.m; sourceTree = "<group>"; };
		09937FA01B8B138300597929 /* MJRefreshBackGifFooter.h */ = {isa = PBXFileReference; fileEncoding = 4; lastKnownFileType = sourcecode.c.h; path = MJRefreshBackGifFooter.h; sourceTree = "<group>"; };
		09937FA11B8B138300597929 /* MJRefreshBackGifFooter.m */ = {isa = PBXFileReference; fileEncoding = 4; lastKnownFileType = sourcecode.c.objc; path = MJRefreshBackGifFooter.m; sourceTree = "<group>"; };
		09937FA21B8B138300597929 /* MJRefreshBackNormalFooter.h */ = {isa = PBXFileReference; fileEncoding = 4; lastKnownFileType = sourcecode.c.h; path = MJRefreshBackNormalFooter.h; sourceTree = "<group>"; };
		09937FA31B8B138300597929 /* MJRefreshBackNormalFooter.m */ = {isa = PBXFileReference; fileEncoding = 4; lastKnownFileType = sourcecode.c.objc; path = MJRefreshBackNormalFooter.m; sourceTree = "<group>"; };
		09937FA41B8B138300597929 /* MJRefreshBackStateFooter.h */ = {isa = PBXFileReference; fileEncoding = 4; lastKnownFileType = sourcecode.c.h; path = MJRefreshBackStateFooter.h; sourceTree = "<group>"; };
		09937FA51B8B138300597929 /* MJRefreshBackStateFooter.m */ = {isa = PBXFileReference; fileEncoding = 4; lastKnownFileType = sourcecode.c.objc; path = MJRefreshBackStateFooter.m; sourceTree = "<group>"; };
		09937FA71B8B138300597929 /* MJRefreshGifHeader.h */ = {isa = PBXFileReference; fileEncoding = 4; lastKnownFileType = sourcecode.c.h; path = MJRefreshGifHeader.h; sourceTree = "<group>"; };
		09937FA81B8B138300597929 /* MJRefreshGifHeader.m */ = {isa = PBXFileReference; fileEncoding = 4; lastKnownFileType = sourcecode.c.objc; path = MJRefreshGifHeader.m; sourceTree = "<group>"; };
		09937FA91B8B138300597929 /* MJRefreshNormalHeader.h */ = {isa = PBXFileReference; fileEncoding = 4; lastKnownFileType = sourcecode.c.h; path = MJRefreshNormalHeader.h; sourceTree = "<group>"; };
		09937FAA1B8B138300597929 /* MJRefreshNormalHeader.m */ = {isa = PBXFileReference; fileEncoding = 4; lastKnownFileType = sourcecode.c.objc; path = MJRefreshNormalHeader.m; sourceTree = "<group>"; };
		09937FAB1B8B138300597929 /* MJRefreshStateHeader.h */ = {isa = PBXFileReference; fileEncoding = 4; lastKnownFileType = sourcecode.c.h; path = MJRefreshStateHeader.h; sourceTree = "<group>"; };
		09937FAC1B8B138300597929 /* MJRefreshStateHeader.m */ = {isa = PBXFileReference; fileEncoding = 4; lastKnownFileType = sourcecode.c.objc; path = MJRefreshStateHeader.m; sourceTree = "<group>"; };
		09937FAD1B8B138300597929 /* MJRefresh.bundle */ = {isa = PBXFileReference; lastKnownFileType = "wrapper.plug-in"; path = MJRefresh.bundle; sourceTree = "<group>"; };
		09937FAE1B8B138300597929 /* MJRefresh.h */ = {isa = PBXFileReference; fileEncoding = 4; lastKnownFileType = sourcecode.c.h; path = MJRefresh.h; sourceTree = "<group>"; };
		09937FAF1B8B138300597929 /* MJRefreshConst.h */ = {isa = PBXFileReference; fileEncoding = 4; lastKnownFileType = sourcecode.c.h; path = MJRefreshConst.h; sourceTree = "<group>"; };
		09937FB01B8B138300597929 /* MJRefreshConst.m */ = {isa = PBXFileReference; fileEncoding = 4; lastKnownFileType = sourcecode.c.objc; path = MJRefreshConst.m; sourceTree = "<group>"; };
		09937FB11B8B138300597929 /* UIScrollView+MJExtension.h */ = {isa = PBXFileReference; fileEncoding = 4; lastKnownFileType = sourcecode.c.h; path = "UIScrollView+MJExtension.h"; sourceTree = "<group>"; };
		09937FB21B8B138300597929 /* UIScrollView+MJExtension.m */ = {isa = PBXFileReference; fileEncoding = 4; lastKnownFileType = sourcecode.c.objc; path = "UIScrollView+MJExtension.m"; sourceTree = "<group>"; };
		09937FB31B8B138300597929 /* UIScrollView+MJRefresh.h */ = {isa = PBXFileReference; fileEncoding = 4; lastKnownFileType = sourcecode.c.h; path = "UIScrollView+MJRefresh.h"; sourceTree = "<group>"; };
		09937FB41B8B138300597929 /* UIScrollView+MJRefresh.m */ = {isa = PBXFileReference; fileEncoding = 4; lastKnownFileType = sourcecode.c.objc; path = "UIScrollView+MJRefresh.m"; sourceTree = "<group>"; };
		09937FB51B8B138300597929 /* UIView+MJExtension.h */ = {isa = PBXFileReference; fileEncoding = 4; lastKnownFileType = sourcecode.c.h; path = "UIView+MJExtension.h"; sourceTree = "<group>"; };
		09937FB61B8B138300597929 /* UIView+MJExtension.m */ = {isa = PBXFileReference; fileEncoding = 4; lastKnownFileType = sourcecode.c.objc; path = "UIView+MJExtension.m"; sourceTree = "<group>"; };
		09937FB81B8B138300597929 /* MKAnnotationView+WebCache.h */ = {isa = PBXFileReference; fileEncoding = 4; lastKnownFileType = sourcecode.c.h; path = "MKAnnotationView+WebCache.h"; sourceTree = "<group>"; };
		09937FB91B8B138300597929 /* MKAnnotationView+WebCache.m */ = {isa = PBXFileReference; fileEncoding = 4; lastKnownFileType = sourcecode.c.objc; path = "MKAnnotationView+WebCache.m"; sourceTree = "<group>"; };
		09937FBA1B8B138300597929 /* NSData+ImageContentType.h */ = {isa = PBXFileReference; fileEncoding = 4; lastKnownFileType = sourcecode.c.h; path = "NSData+ImageContentType.h"; sourceTree = "<group>"; };
		09937FBB1B8B138300597929 /* NSData+ImageContentType.m */ = {isa = PBXFileReference; fileEncoding = 4; lastKnownFileType = sourcecode.c.objc; path = "NSData+ImageContentType.m"; sourceTree = "<group>"; };
		09937FBC1B8B138300597929 /* SDImageCache.h */ = {isa = PBXFileReference; fileEncoding = 4; lastKnownFileType = sourcecode.c.h; path = SDImageCache.h; sourceTree = "<group>"; };
		09937FBD1B8B138300597929 /* SDImageCache.m */ = {isa = PBXFileReference; fileEncoding = 4; lastKnownFileType = sourcecode.c.objc; path = SDImageCache.m; sourceTree = "<group>"; };
		09937FBE1B8B138300597929 /* SDWebImageCompat.h */ = {isa = PBXFileReference; fileEncoding = 4; lastKnownFileType = sourcecode.c.h; path = SDWebImageCompat.h; sourceTree = "<group>"; };
		09937FBF1B8B138300597929 /* SDWebImageCompat.m */ = {isa = PBXFileReference; fileEncoding = 4; lastKnownFileType = sourcecode.c.objc; path = SDWebImageCompat.m; sourceTree = "<group>"; };
		09937FC01B8B138300597929 /* SDWebImageDecoder.h */ = {isa = PBXFileReference; fileEncoding = 4; lastKnownFileType = sourcecode.c.h; path = SDWebImageDecoder.h; sourceTree = "<group>"; };
		09937FC11B8B138300597929 /* SDWebImageDecoder.m */ = {isa = PBXFileReference; fileEncoding = 4; lastKnownFileType = sourcecode.c.objc; path = SDWebImageDecoder.m; sourceTree = "<group>"; };
		09937FC21B8B138300597929 /* SDWebImageDownloader.h */ = {isa = PBXFileReference; fileEncoding = 4; lastKnownFileType = sourcecode.c.h; path = SDWebImageDownloader.h; sourceTree = "<group>"; };
		09937FC31B8B138300597929 /* SDWebImageDownloader.m */ = {isa = PBXFileReference; fileEncoding = 4; lastKnownFileType = sourcecode.c.objc; path = SDWebImageDownloader.m; sourceTree = "<group>"; };
		09937FC41B8B138300597929 /* SDWebImageDownloaderOperation.h */ = {isa = PBXFileReference; fileEncoding = 4; lastKnownFileType = sourcecode.c.h; path = SDWebImageDownloaderOperation.h; sourceTree = "<group>"; };
		09937FC51B8B138300597929 /* SDWebImageDownloaderOperation.m */ = {isa = PBXFileReference; fileEncoding = 4; lastKnownFileType = sourcecode.c.objc; path = SDWebImageDownloaderOperation.m; sourceTree = "<group>"; };
		09937FC61B8B138300597929 /* SDWebImageManager.h */ = {isa = PBXFileReference; fileEncoding = 4; lastKnownFileType = sourcecode.c.h; path = SDWebImageManager.h; sourceTree = "<group>"; };
		09937FC71B8B138300597929 /* SDWebImageManager.m */ = {isa = PBXFileReference; fileEncoding = 4; lastKnownFileType = sourcecode.c.objc; path = SDWebImageManager.m; sourceTree = "<group>"; };
		09937FC81B8B138300597929 /* SDWebImageOperation.h */ = {isa = PBXFileReference; fileEncoding = 4; lastKnownFileType = sourcecode.c.h; path = SDWebImageOperation.h; sourceTree = "<group>"; };
		09937FC91B8B138300597929 /* SDWebImagePrefetcher.h */ = {isa = PBXFileReference; fileEncoding = 4; lastKnownFileType = sourcecode.c.h; path = SDWebImagePrefetcher.h; sourceTree = "<group>"; };
		09937FCA1B8B138300597929 /* SDWebImagePrefetcher.m */ = {isa = PBXFileReference; fileEncoding = 4; lastKnownFileType = sourcecode.c.objc; path = SDWebImagePrefetcher.m; sourceTree = "<group>"; };
		09937FCB1B8B138300597929 /* UIButton+WebCache.h */ = {isa = PBXFileReference; fileEncoding = 4; lastKnownFileType = sourcecode.c.h; path = "UIButton+WebCache.h"; sourceTree = "<group>"; };
		09937FCC1B8B138300597929 /* UIButton+WebCache.m */ = {isa = PBXFileReference; fileEncoding = 4; lastKnownFileType = sourcecode.c.objc; path = "UIButton+WebCache.m"; sourceTree = "<group>"; };
		09937FCD1B8B138300597929 /* UIImage+GIF.h */ = {isa = PBXFileReference; fileEncoding = 4; lastKnownFileType = sourcecode.c.h; path = "UIImage+GIF.h"; sourceTree = "<group>"; };
		09937FCE1B8B138300597929 /* UIImage+GIF.m */ = {isa = PBXFileReference; fileEncoding = 4; lastKnownFileType = sourcecode.c.objc; path = "UIImage+GIF.m"; sourceTree = "<group>"; };
		09937FCF1B8B138300597929 /* UIImage+MultiFormat.h */ = {isa = PBXFileReference; fileEncoding = 4; lastKnownFileType = sourcecode.c.h; path = "UIImage+MultiFormat.h"; sourceTree = "<group>"; };
		09937FD01B8B138300597929 /* UIImage+MultiFormat.m */ = {isa = PBXFileReference; fileEncoding = 4; lastKnownFileType = sourcecode.c.objc; path = "UIImage+MultiFormat.m"; sourceTree = "<group>"; };
		09937FD11B8B138300597929 /* UIImage+WebP.h */ = {isa = PBXFileReference; fileEncoding = 4; lastKnownFileType = sourcecode.c.h; path = "UIImage+WebP.h"; sourceTree = "<group>"; };
		09937FD21B8B138300597929 /* UIImage+WebP.m */ = {isa = PBXFileReference; fileEncoding = 4; lastKnownFileType = sourcecode.c.objc; path = "UIImage+WebP.m"; sourceTree = "<group>"; };
		09937FD31B8B138300597929 /* UIImageView+HighlightedWebCache.h */ = {isa = PBXFileReference; fileEncoding = 4; lastKnownFileType = sourcecode.c.h; path = "UIImageView+HighlightedWebCache.h"; sourceTree = "<group>"; };
		09937FD41B8B138300597929 /* UIImageView+HighlightedWebCache.m */ = {isa = PBXFileReference; fileEncoding = 4; lastKnownFileType = sourcecode.c.objc; path = "UIImageView+HighlightedWebCache.m"; sourceTree = "<group>"; };
		09937FD51B8B138300597929 /* UIImageView+WebCache.h */ = {isa = PBXFileReference; fileEncoding = 4; lastKnownFileType = sourcecode.c.h; path = "UIImageView+WebCache.h"; sourceTree = "<group>"; };
		09937FD61B8B138300597929 /* UIImageView+WebCache.m */ = {isa = PBXFileReference; fileEncoding = 4; lastKnownFileType = sourcecode.c.objc; path = "UIImageView+WebCache.m"; sourceTree = "<group>"; };
		09937FD71B8B138300597929 /* UIView+WebCacheOperation.h */ = {isa = PBXFileReference; fileEncoding = 4; lastKnownFileType = sourcecode.c.h; path = "UIView+WebCacheOperation.h"; sourceTree = "<group>"; };
		09937FD81B8B138300597929 /* UIView+WebCacheOperation.m */ = {isa = PBXFileReference; fileEncoding = 4; lastKnownFileType = sourcecode.c.objc; path = "UIView+WebCacheOperation.m"; sourceTree = "<group>"; };
		09A8C2A71B80DAA3002B8112 /* UIView+AutoLayout.h */ = {isa = PBXFileReference; fileEncoding = 4; lastKnownFileType = sourcecode.c.h; path = "UIView+AutoLayout.h"; sourceTree = "<group>"; };
		09A8C2A81B80DAA3002B8112 /* UIView+AutoLayout.m */ = {isa = PBXFileReference; fileEncoding = 4; lastKnownFileType = sourcecode.c.objc; path = "UIView+AutoLayout.m"; sourceTree = "<group>"; };
		09A8C2B01B80E31E002B8112 /* ZYCitySearchResultTableViewController.h */ = {isa = PBXFileReference; fileEncoding = 4; lastKnownFileType = sourcecode.c.h; path = ZYCitySearchResultTableViewController.h; sourceTree = "<group>"; };
		09A8C2B11B80E31E002B8112 /* ZYCitySearchResultTableViewController.m */ = {isa = PBXFileReference; fileEncoding = 4; lastKnownFileType = sourcecode.c.objc; path = ZYCitySearchResultTableViewController.m; sourceTree = "<group>"; };
		09B180511B778DA700FD0F7E /* 团购HD.app */ = {isa = PBXFileReference; explicitFileType = wrapper.application; includeInIndex = 0; path = "团购HD.app"; sourceTree = BUILT_PRODUCTS_DIR; };
		09B180551B778DA700FD0F7E /* Info.plist */ = {isa = PBXFileReference; lastKnownFileType = text.plist.xml; path = Info.plist; sourceTree = "<group>"; };
		09B180561B778DA700FD0F7E /* main.m */ = {isa = PBXFileReference; lastKnownFileType = sourcecode.c.objc; path = main.m; sourceTree = "<group>"; };
		09B1805C1B778DA700FD0F7E /* __HD.xcdatamodel */ = {isa = PBXFileReference; lastKnownFileType = wrapper.xcdatamodel; path = __HD.xcdatamodel; sourceTree = "<group>"; };
		09B180641B778DA700FD0F7E /* Images.xcassets */ = {isa = PBXFileReference; lastKnownFileType = folder.assetcatalog; path = Images.xcassets; sourceTree = "<group>"; };
		09B1806D1B778DA700FD0F7E /* 团购HDTests.xctest */ = {isa = PBXFileReference; explicitFileType = wrapper.cfbundle; includeInIndex = 0; path = "团购HDTests.xctest"; sourceTree = BUILT_PRODUCTS_DIR; };
		09B180721B778DA700FD0F7E /* Info.plist */ = {isa = PBXFileReference; lastKnownFileType = text.plist.xml; path = Info.plist; sourceTree = "<group>"; };
		09B180731B778DA700FD0F7E /* __HDTests.m */ = {isa = PBXFileReference; lastKnownFileType = sourcecode.c.objc; path = __HDTests.m; sourceTree = "<group>"; };
		09B1808F1B7792CE00FD0F7E /* ZYHomeViewController.h */ = {isa = PBXFileReference; fileEncoding = 4; lastKnownFileType = sourcecode.c.h; path = ZYHomeViewController.h; sourceTree = "<group>"; };
		09B180901B7792CE00FD0F7E /* ZYHomeViewController.m */ = {isa = PBXFileReference; fileEncoding = 4; lastKnownFileType = sourcecode.c.objc; path = ZYHomeViewController.m; sourceTree = "<group>"; };
		09D368C11B8222D900C08ED4 /* ZYMetaTool.h */ = {isa = PBXFileReference; fileEncoding = 4; lastKnownFileType = sourcecode.c.h; path = ZYMetaTool.h; sourceTree = "<group>"; };
		09D368C21B8222D900C08ED4 /* ZYMetaTool.m */ = {isa = PBXFileReference; fileEncoding = 4; lastKnownFileType = sourcecode.c.objc; path = ZYMetaTool.m; sourceTree = "<group>"; };
		09D368C41B8223E900C08ED4 /* ZYSort.h */ = {isa = PBXFileReference; fileEncoding = 4; lastKnownFileType = sourcecode.c.h; path = ZYSort.h; sourceTree = "<group>"; };
		09D368C51B8223E900C08ED4 /* ZYSort.m */ = {isa = PBXFileReference; fileEncoding = 4; lastKnownFileType = sourcecode.c.objc; path = ZYSort.m; sourceTree = "<group>"; };
		09FC9C831B7B6E6D002DDBD8 /* categories.plist */ = {isa = PBXFileReference; fileEncoding = 4; lastKnownFileType = text.plist.xml; path = categories.plist; sourceTree = "<group>"; };
		09FC9C841B7B6E6D002DDBD8 /* cities.plist */ = {isa = PBXFileReference; fileEncoding = 4; lastKnownFileType = text.plist.xml; path = cities.plist; sourceTree = "<group>"; };
		09FC9C851B7B6E6D002DDBD8 /* cityGroups.plist */ = {isa = PBXFileReference; fileEncoding = 4; lastKnownFileType = text.plist.xml; path = cityGroups.plist; sourceTree = "<group>"; };
		09FC9C861B7B6E6D002DDBD8 /* sorts.plist */ = {isa = PBXFileReference; fileEncoding = 4; lastKnownFileType = text.plist.xml; path = sorts.plist; sourceTree = "<group>"; };
		09FC9C8B1B7B6F63002DDBD8 /* ZYCityGroup.h */ = {isa = PBXFileReference; fileEncoding = 4; lastKnownFileType = sourcecode.c.h; path = ZYCityGroup.h; sourceTree = "<group>"; };
		09FC9C8C1B7B6F63002DDBD8 /* ZYCityGroup.m */ = {isa = PBXFileReference; fileEncoding = 4; lastKnownFileType = sourcecode.c.objc; path = ZYCityGroup.m; sourceTree = "<group>"; };
		09FC9C8E1B7B6FC2002DDBD8 /* ZYCategory.h */ = {isa = PBXFileReference; fileEncoding = 4; lastKnownFileType = sourcecode.c.h; path = ZYCategory.h; sourceTree = "<group>"; };
		09FC9C8F1B7B6FC2002DDBD8 /* ZYCategory.m */ = {isa = PBXFileReference; fileEncoding = 4; lastKnownFileType = sourcecode.c.objc; path = ZYCategory.m; sourceTree = "<group>"; };
		09FC9C911B7B70E5002DDBD8 /* ZYCity.h */ = {isa = PBXFileReference; fileEncoding = 4; lastKnownFileType = sourcecode.c.h; path = ZYCity.h; sourceTree = "<group>"; };
		09FC9C921B7B70E5002DDBD8 /* ZYCity.m */ = {isa = PBXFileReference; fileEncoding = 4; lastKnownFileType = sourcecode.c.objc; path = ZYCity.m; sourceTree = "<group>"; };
		09FC9C941B7B71B5002DDBD8 /* ZYRegion.h */ = {isa = PBXFileReference; fileEncoding = 4; lastKnownFileType = sourcecode.c.h; path = ZYRegion.h; sourceTree = "<group>"; };
		09FC9C951B7B71B5002DDBD8 /* ZYRegion.m */ = {isa = PBXFileReference; fileEncoding = 4; lastKnownFileType = sourcecode.c.objc; path = ZYRegion.m; sourceTree = "<group>"; };
		09FC9CAE1B7B7459002DDBD8 /* ZYHomeMainCell.h */ = {isa = PBXFileReference; fileEncoding = 4; lastKnownFileType = sourcecode.c.h; path = ZYHomeMainCell.h; sourceTree = "<group>"; };
		09FC9CAF1B7B7459002DDBD8 /* ZYHomeMainCell.m */ = {isa = PBXFileReference; fileEncoding = 4; lastKnownFileType = sourcecode.c.objc; path = ZYHomeMainCell.m; sourceTree = "<group>"; };
		09FC9CB11B7B746F002DDBD8 /* ZYHomeSubCell.h */ = {isa = PBXFileReference; fileEncoding = 4; lastKnownFileType = sourcecode.c.h; path = ZYHomeSubCell.h; sourceTree = "<group>"; };
		09FC9CB21B7B746F002DDBD8 /* ZYHomeSubCell.m */ = {isa = PBXFileReference; fileEncoding = 4; lastKnownFileType = sourcecode.c.objc; path = ZYHomeSubCell.m; sourceTree = "<group>"; };
		09FC9CB41B7B873A002DDBD8 /* ZYDistrictViewController.h */ = {isa = PBXFileReference; fileEncoding = 4; lastKnownFileType = sourcecode.c.h; path = ZYDistrictViewController.h; sourceTree = "<group>"; };
		09FC9CB51B7B873A002DDBD8 /* ZYDistrictViewController.m */ = {isa = PBXFileReference; fileEncoding = 4; lastKnownFileType = sourcecode.c.objc; path = ZYDistrictViewController.m; sourceTree = "<group>"; };
		09FC9CB61B7B873A002DDBD8 /* ZYDistrictViewController.xib */ = {isa = PBXFileReference; fileEncoding = 4; lastKnownFileType = file.xib; path = ZYDistrictViewController.xib; sourceTree = "<group>"; };
		09FC9CB91B7B8C63002DDBD8 /* ZYCityViewController.h */ = {isa = PBXFileReference; fileEncoding = 4; lastKnownFileType = sourcecode.c.h; path = ZYCityViewController.h; sourceTree = "<group>"; };
		09FC9CBA1B7B8C63002DDBD8 /* ZYCityViewController.m */ = {isa = PBXFileReference; fileEncoding = 4; lastKnownFileType = sourcecode.c.objc; path = ZYCityViewController.m; sourceTree = "<group>"; };
		09FC9CBB1B7B8C63002DDBD8 /* ZYCityViewController.xib */ = {isa = PBXFileReference; fileEncoding = 4; lastKnownFileType = file.xib; path = ZYCityViewController.xib; sourceTree = "<group>"; };
/* End PBXFileReference section */

/* Begin PBXFrameworksBuildPhase section */
		09B1804E1B778DA700FD0F7E /* Frameworks */ = {
			isa = PBXFrameworksBuildPhase;
			buildActionMask = 2147483647;
			files = (
				0903F1171B958E0A00F38A53 /* libsqlite3.dylib in Frameworks */,
			);
			runOnlyForDeploymentPostprocessing = 0;
		};
		09B1806A1B778DA700FD0F7E /* Frameworks */ = {
			isa = PBXFrameworksBuildPhase;
			buildActionMask = 2147483647;
			files = (
			);
			runOnlyForDeploymentPostprocessing = 0;
		};
/* End PBXFrameworksBuildPhase section */

/* Begin PBXGroup section */
		0903F1051B958DE100F38A53 /* fmdb */ = {
			isa = PBXGroup;
			children = (
				0903F1061B958DE100F38A53 /* FMDatabase.h */,
				0903F1071B958DE100F38A53 /* FMDatabase.m */,
				0903F1081B958DE100F38A53 /* FMDatabaseAdditions.h */,
				0903F1091B958DE100F38A53 /* FMDatabaseAdditions.m */,
				0903F10A1B958DE100F38A53 /* FMDatabasePool.h */,
				0903F10B1B958DE100F38A53 /* FMDatabasePool.m */,
				0903F10C1B958DE100F38A53 /* FMDatabaseQueue.h */,
				0903F10D1B958DE100F38A53 /* FMDatabaseQueue.m */,
				0903F10E1B958DE100F38A53 /* FMDB.h */,
				0903F10F1B958DE100F38A53 /* FMResultSet.h */,
				0903F1101B958DE100F38A53 /* FMResultSet.m */,
			);
			path = fmdb;
			sourceTree = "<group>";
		};
		093248FB1B9428E8007A1E7B /* Detail */ = {
			isa = PBXGroup;
			children = (
				093248FC1B9428E8007A1E7B /* Controller */,
			);
			path = Detail;
			sourceTree = "<group>";
		};
		093248FC1B9428E8007A1E7B /* Controller */ = {
			isa = PBXGroup;
			children = (
				093249021B942987007A1E7B /* ZYDetailViewController.h */,
				093249031B942987007A1E7B /* ZYDetailViewController.m */,
				093249041B942987007A1E7B /* ZYDetailViewController.xib */,
			);
			path = Controller;
			sourceTree = "<group>";
		};
		093480E31B7A1A64000B2875 /* Main */ = {
			isa = PBXGroup;
			children = (
				09937F731B8B138300597929 /* Lib */,
				093480F41B7A1E7A000B2875 /* Category */,
				093480E41B7A1A64000B2875 /* Controller */,
				093480E81B7A1A64000B2875 /* Other */,
				093480EF1B7A1A64000B2875 /* Tool */,
			);
			path = Main;
			sourceTree = "<group>";
		};
		093480E41B7A1A64000B2875 /* Controller */ = {
			isa = PBXGroup;
			children = (
				093480E51B7A1A64000B2875 /* ZYNavigationController.h */,
				093480E61B7A1A64000B2875 /* ZYNavigationController.m */,
				096A285A1B8C3DBB00B66AC5 /* ZYDealViewController.h */,
				096A285B1B8C3DBB00B66AC5 /* ZYDealViewController.m */,
			);
			path = Controller;
			sourceTree = "<group>";
		};
		093480E81B7A1A64000B2875 /* Other */ = {
			isa = PBXGroup;
			children = (
				093480E91B7A1A64000B2875 /* AppDelegate.h */,
				093480EA1B7A1A64000B2875 /* AppDelegate.m */,
				093480EB1B7A1A64000B2875 /* UIView+Extension.h */,
				093480EC1B7A1A64000B2875 /* UIView+Extension.m */,
				093480ED1B7A1A64000B2875 /* ZYConst.h */,
				093480EE1B7A1A64000B2875 /* ZYConst.m */,
			);
			path = Other;
			sourceTree = "<group>";
		};
		093480EF1B7A1A64000B2875 /* Tool */ = {
			isa = PBXGroup;
			children = (
				09D368C11B8222D900C08ED4 /* ZYMetaTool.h */,
				09D368C21B8222D900C08ED4 /* ZYMetaTool.m */,
				0903F1021B958DB600F38A53 /* ZYDealTool.h */,
				0903F1031B958DB600F38A53 /* ZYDealTool.m */,
			);
			path = Tool;
			sourceTree = "<group>";
		};
		093480F41B7A1E7A000B2875 /* Category */ = {
			isa = PBXGroup;
			children = (
				093480F51B7A1EA9000B2875 /* UIBarButtonItem+ZYExtension.h */,
				093480F61B7A1EA9000B2875 /* UIBarButtonItem+ZYExtension.m */,
				09A8C2A71B80DAA3002B8112 /* UIView+AutoLayout.h */,
				09A8C2A81B80DAA3002B8112 /* UIView+AutoLayout.m */,
			);
			path = Category;
			sourceTree = "<group>";
		};
		093517751B8D6EEE00781FE2 /* AwesomeMenu */ = {
			isa = PBXGroup;
			children = (
				093517761B8D6EEE00781FE2 /* AwesomeMenu.h */,
				093517771B8D6EEE00781FE2 /* AwesomeMenu.m */,
				093517781B8D6EEE00781FE2 /* AwesomeMenuItem.h */,
				093517791B8D6EEE00781FE2 /* AwesomeMenuItem.m */,
			);
			path = AwesomeMenu;
			sourceTree = "<group>";
		};
		096A28511B8C17A400B66AC5 /* MBProgressHUD */ = {
			isa = PBXGroup;
			children = (
				096A28521B8C17A400B66AC5 /* MBProgressHUD+MJ.h */,
				096A28531B8C17A400B66AC5 /* MBProgressHUD+MJ.m */,
				096A28541B8C17A400B66AC5 /* MBProgressHUD.bundle */,
				096A28551B8C17A400B66AC5 /* MBProgressHUD.h */,
				096A28561B8C17A400B66AC5 /* MBProgressHUD.m */,
			);
			path = MBProgressHUD;
			sourceTree = "<group>";
		};
		096A285D1B8C481500B66AC5 /* Search */ = {
			isa = PBXGroup;
			children = (
				096A285E1B8C481500B66AC5 /* Controller */,
			);
			path = Search;
			sourceTree = "<group>";
		};
		096A285E1B8C481500B66AC5 /* Controller */ = {
			isa = PBXGroup;
			children = (
				096A285F1B8C487400B66AC5 /* ZYSearchViewController.h */,
				096A28601B8C487400B66AC5 /* ZYSearchViewController.m */,
			);
			path = Controller;
			sourceTree = "<group>";
		};
		09937F731B8B138300597929 /* Lib */ = {
			isa = PBXGroup;
			children = (
				0903F1051B958DE100F38A53 /* fmdb */,
				093517751B8D6EEE00781FE2 /* AwesomeMenu */,
				096A28511B8C17A400B66AC5 /* MBProgressHUD */,
				09937F741B8B138300597929 /* dianpingapi */,
				09937F7A1B8B138300597929 /* MJExtension */,
				09937F8A1B8B138300597929 /* MJRefresh */,
				09937FB71B8B138300597929 /* SDWebImage */,
			);
			path = Lib;
			sourceTree = "<group>";
		};
		09937F741B8B138300597929 /* dianpingapi */ = {
			isa = PBXGroup;
			children = (
				09937F751B8B138300597929 /* DPAPI.h */,
				09937F761B8B138300597929 /* DPAPI.m */,
				09937F771B8B138300597929 /* DPConstants.h */,
				09937F781B8B138300597929 /* DPRequest.h */,
				09937F791B8B138300597929 /* DPRequest.m */,
			);
			path = dianpingapi;
			sourceTree = "<group>";
		};
		09937F7A1B8B138300597929 /* MJExtension */ = {
			isa = PBXGroup;
			children = (
				09937F7B1B8B138300597929 /* MJConst.h */,
				09937F7C1B8B138300597929 /* MJConst.m */,
				09937F7D1B8B138300597929 /* MJExtension.h */,
				09937F7E1B8B138300597929 /* MJFoundation.h */,
				09937F7F1B8B138300597929 /* MJFoundation.m */,
				09937F801B8B138300597929 /* MJIvar.h */,
				09937F811B8B138300597929 /* MJIvar.m */,
				09937F821B8B138300597929 /* MJType.h */,
				09937F831B8B138300597929 /* MJType.m */,
				09937F841B8B138300597929 /* NSObject+MJCoding.h */,
				09937F851B8B138300597929 /* NSObject+MJCoding.m */,
				09937F861B8B138300597929 /* NSObject+MJIvar.h */,
				09937F871B8B138300597929 /* NSObject+MJIvar.m */,
				09937F881B8B138300597929 /* NSObject+MJKeyValue.h */,
				09937F891B8B138300597929 /* NSObject+MJKeyValue.m */,
			);
			path = MJExtension;
			sourceTree = "<group>";
		};
		09937F8A1B8B138300597929 /* MJRefresh */ = {
			isa = PBXGroup;
			children = (
				09937F8B1B8B138300597929 /* Base */,
				09937F961B8B138300597929 /* Custom */,
				09937FAD1B8B138300597929 /* MJRefresh.bundle */,
				09937FAE1B8B138300597929 /* MJRefresh.h */,
				09937FAF1B8B138300597929 /* MJRefreshConst.h */,
				09937FB01B8B138300597929 /* MJRefreshConst.m */,
				09937FB11B8B138300597929 /* UIScrollView+MJExtension.h */,
				09937FB21B8B138300597929 /* UIScrollView+MJExtension.m */,
				09937FB31B8B138300597929 /* UIScrollView+MJRefresh.h */,
				09937FB41B8B138300597929 /* UIScrollView+MJRefresh.m */,
				09937FB51B8B138300597929 /* UIView+MJExtension.h */,
				09937FB61B8B138300597929 /* UIView+MJExtension.m */,
			);
			path = MJRefresh;
			sourceTree = "<group>";
		};
		09937F8B1B8B138300597929 /* Base */ = {
			isa = PBXGroup;
			children = (
				09937F8C1B8B138300597929 /* MJRefreshAutoFooter.h */,
				09937F8D1B8B138300597929 /* MJRefreshAutoFooter.m */,
				09937F8E1B8B138300597929 /* MJRefreshBackFooter.h */,
				09937F8F1B8B138300597929 /* MJRefreshBackFooter.m */,
				09937F901B8B138300597929 /* MJRefreshComponent.h */,
				09937F911B8B138300597929 /* MJRefreshComponent.m */,
				09937F921B8B138300597929 /* MJRefreshFooter.h */,
				09937F931B8B138300597929 /* MJRefreshFooter.m */,
				09937F941B8B138300597929 /* MJRefreshHeader.h */,
				09937F951B8B138300597929 /* MJRefreshHeader.m */,
			);
			path = Base;
			sourceTree = "<group>";
		};
		09937F961B8B138300597929 /* Custom */ = {
			isa = PBXGroup;
			children = (
				09937F971B8B138300597929 /* Footer */,
				09937FA61B8B138300597929 /* Header */,
			);
			path = Custom;
			sourceTree = "<group>";
		};
		09937F971B8B138300597929 /* Footer */ = {
			isa = PBXGroup;
			children = (
				09937F981B8B138300597929 /* Auto */,
				09937F9F1B8B138300597929 /* Back */,
			);
			path = Footer;
			sourceTree = "<group>";
		};
		09937F981B8B138300597929 /* Auto */ = {
			isa = PBXGroup;
			children = (
				09937F991B8B138300597929 /* MJRefreshAutoGifFooter.h */,
				09937F9A1B8B138300597929 /* MJRefreshAutoGifFooter.m */,
				09937F9B1B8B138300597929 /* MJRefreshAutoNormalFooter.h */,
				09937F9C1B8B138300597929 /* MJRefreshAutoNormalFooter.m */,
				09937F9D1B8B138300597929 /* MJRefreshAutoStateFooter.h */,
				09937F9E1B8B138300597929 /* MJRefreshAutoStateFooter.m */,
			);
			path = Auto;
			sourceTree = "<group>";
		};
		09937F9F1B8B138300597929 /* Back */ = {
			isa = PBXGroup;
			children = (
				09937FA01B8B138300597929 /* MJRefreshBackGifFooter.h */,
				09937FA11B8B138300597929 /* MJRefreshBackGifFooter.m */,
				09937FA21B8B138300597929 /* MJRefreshBackNormalFooter.h */,
				09937FA31B8B138300597929 /* MJRefreshBackNormalFooter.m */,
				09937FA41B8B138300597929 /* MJRefreshBackStateFooter.h */,
				09937FA51B8B138300597929 /* MJRefreshBackStateFooter.m */,
			);
			path = Back;
			sourceTree = "<group>";
		};
		09937FA61B8B138300597929 /* Header */ = {
			isa = PBXGroup;
			children = (
				09937FA71B8B138300597929 /* MJRefreshGifHeader.h */,
				09937FA81B8B138300597929 /* MJRefreshGifHeader.m */,
				09937FA91B8B138300597929 /* MJRefreshNormalHeader.h */,
				09937FAA1B8B138300597929 /* MJRefreshNormalHeader.m */,
				09937FAB1B8B138300597929 /* MJRefreshStateHeader.h */,
				09937FAC1B8B138300597929 /* MJRefreshStateHeader.m */,
			);
			path = Header;
			sourceTree = "<group>";
		};
		09937FB71B8B138300597929 /* SDWebImage */ = {
			isa = PBXGroup;
			children = (
				09937FB81B8B138300597929 /* MKAnnotationView+WebCache.h */,
				09937FB91B8B138300597929 /* MKAnnotationView+WebCache.m */,
				09937FBA1B8B138300597929 /* NSData+ImageContentType.h */,
				09937FBB1B8B138300597929 /* NSData+ImageContentType.m */,
				09937FBC1B8B138300597929 /* SDImageCache.h */,
				09937FBD1B8B138300597929 /* SDImageCache.m */,
				09937FBE1B8B138300597929 /* SDWebImageCompat.h */,
				09937FBF1B8B138300597929 /* SDWebImageCompat.m */,
				09937FC01B8B138300597929 /* SDWebImageDecoder.h */,
				09937FC11B8B138300597929 /* SDWebImageDecoder.m */,
				09937FC21B8B138300597929 /* SDWebImageDownloader.h */,
				09937FC31B8B138300597929 /* SDWebImageDownloader.m */,
				09937FC41B8B138300597929 /* SDWebImageDownloaderOperation.h */,
				09937FC51B8B138300597929 /* SDWebImageDownloaderOperation.m */,
				09937FC61B8B138300597929 /* SDWebImageManager.h */,
				09937FC71B8B138300597929 /* SDWebImageManager.m */,
				09937FC81B8B138300597929 /* SDWebImageOperation.h */,
				09937FC91B8B138300597929 /* SDWebImagePrefetcher.h */,
				09937FCA1B8B138300597929 /* SDWebImagePrefetcher.m */,
				09937FCB1B8B138300597929 /* UIButton+WebCache.h */,
				09937FCC1B8B138300597929 /* UIButton+WebCache.m */,
				09937FCD1B8B138300597929 /* UIImage+GIF.h */,
				09937FCE1B8B138300597929 /* UIImage+GIF.m */,
				09937FCF1B8B138300597929 /* UIImage+MultiFormat.h */,
				09937FD01B8B138300597929 /* UIImage+MultiFormat.m */,
				09937FD11B8B138300597929 /* UIImage+WebP.h */,
				09937FD21B8B138300597929 /* UIImage+WebP.m */,
				09937FD31B8B138300597929 /* UIImageView+HighlightedWebCache.h */,
				09937FD41B8B138300597929 /* UIImageView+HighlightedWebCache.m */,
				09937FD51B8B138300597929 /* UIImageView+WebCache.h */,
				09937FD61B8B138300597929 /* UIImageView+WebCache.m */,
				09937FD71B8B138300597929 /* UIView+WebCacheOperation.h */,
				09937FD81B8B138300597929 /* UIView+WebCacheOperation.m */,
			);
			path = SDWebImage;
			sourceTree = "<group>";
		};
		09B180481B778DA700FD0F7E = {
			isa = PBXGroup;
			children = (
				0903F1161B958E0A00F38A53 /* libsqlite3.dylib */,
				09B180531B778DA700FD0F7E /* 团购HD */,
				09B180701B778DA700FD0F7E /* 团购HDTests */,
				09B180521B778DA700FD0F7E /* Products */,
			);
			sourceTree = "<group>";
		};
		09B180521B778DA700FD0F7E /* Products */ = {
			isa = PBXGroup;
			children = (
				09B180511B778DA700FD0F7E /* 团购HD.app */,
				09B1806D1B778DA700FD0F7E /* 团购HDTests.xctest */,
			);
			name = Products;
			sourceTree = "<group>";
		};
		09B180531B778DA700FD0F7E /* 团购HD */ = {
			isa = PBXGroup;
			children = (
				09B1807D1B7790D200FD0F7E /* Classes */,
				09B180541B778DA700FD0F7E /* Supporting Files */,
			);
			path = "团购HD";
			sourceTree = "<group>";
		};
		09B180541B778DA700FD0F7E /* Supporting Files */ = {
			isa = PBXGroup;
			children = (
				09FC9C821B7B6E6D002DDBD8 /* Plist */,
				09B180641B778DA700FD0F7E /* Images.xcassets */,
				09B1805B1B778DA700FD0F7E /* __HD.xcdatamodeld */,
				09B180551B778DA700FD0F7E /* Info.plist */,
				09B180561B778DA700FD0F7E /* main.m */,
			);
			name = "Supporting Files";
			sourceTree = "<group>";
		};
		09B180701B778DA700FD0F7E /* 团购HDTests */ = {
			isa = PBXGroup;
			children = (
				09B180731B778DA700FD0F7E /* __HDTests.m */,
				09B180711B778DA700FD0F7E /* Supporting Files */,
			);
			path = "团购HDTests";
			sourceTree = "<group>";
		};
		09B180711B778DA700FD0F7E /* Supporting Files */ = {
			isa = PBXGroup;
			children = (
				09B180721B778DA700FD0F7E /* Info.plist */,
			);
			name = "Supporting Files";
			sourceTree = "<group>";
		};
		09B1807D1B7790D200FD0F7E /* Classes */ = {
			isa = PBXGroup;
			children = (
				093480E31B7A1A64000B2875 /* Main */,
				09B1808B1B77926C00FD0F7E /* Home */,
				096A285D1B8C481500B66AC5 /* Search */,
				093248FB1B9428E8007A1E7B /* Detail */,
			);
			path = Classes;
			sourceTree = "<group>";
		};
		09B1808B1B77926C00FD0F7E /* Home */ = {
			isa = PBXGroup;
			children = (
				09B1808C1B77926C00FD0F7E /* Controller */,
				09B1808D1B77926C00FD0F7E /* Model */,
				09B1808E1B77926C00FD0F7E /* View */,
			);
			path = Home;
			sourceTree = "<group>";
		};
		09B1808C1B77926C00FD0F7E /* Controller */ = {
			isa = PBXGroup;
			children = (
				09B1808F1B7792CE00FD0F7E /* ZYHomeViewController.h */,
				09B180901B7792CE00FD0F7E /* ZYHomeViewController.m */,
				093481041B7A4A05000B2875 /* ZYCategoryViewController.h */,
				093481051B7A4A05000B2875 /* ZYCategoryViewController.m */,
				09FC9CB41B7B873A002DDBD8 /* ZYDistrictViewController.h */,
				09FC9CB51B7B873A002DDBD8 /* ZYDistrictViewController.m */,
				09FC9CB61B7B873A002DDBD8 /* ZYDistrictViewController.xib */,
				097270EF1B860AD8007E2012 /* ZYSortViewController.h */,
				097270F01B860AD8007E2012 /* ZYSortViewController.m */,
				09FC9CB91B7B8C63002DDBD8 /* ZYCityViewController.h */,
				09FC9CBA1B7B8C63002DDBD8 /* ZYCityViewController.m */,
				09FC9CBB1B7B8C63002DDBD8 /* ZYCityViewController.xib */,
				09A8C2B01B80E31E002B8112 /* ZYCitySearchResultTableViewController.h */,
				09A8C2B11B80E31E002B8112 /* ZYCitySearchResultTableViewController.m */,
			);
			path = Controller;
			sourceTree = "<group>";
		};
		09B1808D1B77926C00FD0F7E /* Model */ = {
			isa = PBXGroup;
			children = (
				09FC9C8B1B7B6F63002DDBD8 /* ZYCityGroup.h */,
				09FC9C8C1B7B6F63002DDBD8 /* ZYCityGroup.m */,
				09FC9C8E1B7B6FC2002DDBD8 /* ZYCategory.h */,
				09FC9C8F1B7B6FC2002DDBD8 /* ZYCategory.m */,
				09FC9C911B7B70E5002DDBD8 /* ZYCity.h */,
				09FC9C921B7B70E5002DDBD8 /* ZYCity.m */,
				09FC9C941B7B71B5002DDBD8 /* ZYRegion.h */,
				09FC9C951B7B71B5002DDBD8 /* ZYRegion.m */,
				09D368C41B8223E900C08ED4 /* ZYSort.h */,
				09D368C51B8223E900C08ED4 /* ZYSort.m */,
				09937F1F1B8AF53600597929 /* ZYDeal.h */,
				09937F201B8AF53600597929 /* ZYDeal.m */,
				093249071B943F2F007A1E7B /* ZYRestrictions.h */,
				093249081B943F2F007A1E7B /* ZYRestrictions.m */,
			);
			path = Model;
			sourceTree = "<group>";
		};
		09B1808E1B77926C00FD0F7E /* View */ = {
			isa = PBXGroup;
			children = (
				09937F221B8AF81400597929 /* ZYDealCell.h */,
				09937F231B8AF81400597929 /* ZYDealCell.m */,
				09937F241B8AF81400597929 /* ZYDealCell.xib */,
				093480F81B7A24B4000B2875 /* ZYHomeTopItem.h */,
				093480F91B7A24B4000B2875 /* ZYHomeTopItem.m */,
				093480FB1B7A24CB000B2875 /* ZYHomeTopItem.xib */,
				093480FF1B7A31A9000B2875 /* ZYHomeDropdown.h */,
				093481001B7A31A9000B2875 /* ZYHomeDropdown.m */,
				093481021B7A31BA000B2875 /* ZYHomeDropdown.xib */,
				09FC9CAE1B7B7459002DDBD8 /* ZYHomeMainCell.h */,
				09FC9CAF1B7B7459002DDBD8 /* ZYHomeMainCell.m */,
				09FC9CB11B7B746F002DDBD8 /* ZYHomeSubCell.h */,
				09FC9CB21B7B746F002DDBD8 /* ZYHomeSubCell.m */,
				09937F591B8B079E00597929 /* ZYCenterLineLabel.h */,
				09937F5A1B8B079E00597929 /* ZYCenterLineLabel.m */,
			);
			path = View;
			sourceTree = "<group>";
		};
		09FC9C821B7B6E6D002DDBD8 /* Plist */ = {
			isa = PBXGroup;
			children = (
				09FC9C831B7B6E6D002DDBD8 /* categories.plist */,
				09FC9C841B7B6E6D002DDBD8 /* cities.plist */,
				09FC9C851B7B6E6D002DDBD8 /* cityGroups.plist */,
				09FC9C861B7B6E6D002DDBD8 /* sorts.plist */,
			);
			path = Plist;
			sourceTree = "<group>";
		};
/* End PBXGroup section */

/* Begin PBXNativeTarget section */
		09B180501B778DA700FD0F7E /* 团购HD */ = {
			isa = PBXNativeTarget;
			buildConfigurationList = 09B180771B778DA700FD0F7E /* Build configuration list for PBXNativeTarget "团购HD" */;
			buildPhases = (
				09B1804D1B778DA700FD0F7E /* Sources */,
				09B1804E1B778DA700FD0F7E /* Frameworks */,
				09B1804F1B778DA700FD0F7E /* Resources */,
			);
			buildRules = (
			);
			dependencies = (
			);
			name = "团购HD";
			productName = "团购HD";
			productReference = 09B180511B778DA700FD0F7E /* 团购HD.app */;
			productType = "com.apple.product-type.application";
		};
		09B1806C1B778DA700FD0F7E /* 团购HDTests */ = {
			isa = PBXNativeTarget;
			buildConfigurationList = 09B1807A1B778DA700FD0F7E /* Build configuration list for PBXNativeTarget "团购HDTests" */;
			buildPhases = (
				09B180691B778DA700FD0F7E /* Sources */,
				09B1806A1B778DA700FD0F7E /* Frameworks */,
				09B1806B1B778DA700FD0F7E /* Resources */,
			);
			buildRules = (
			);
			dependencies = (
				09B1806F1B778DA700FD0F7E /* PBXTargetDependency */,
			);
			name = "团购HDTests";
			productName = "团购HDTests";
			productReference = 09B1806D1B778DA700FD0F7E /* 团购HDTests.xctest */;
			productType = "com.apple.product-type.bundle.unit-test";
		};
/* End PBXNativeTarget section */

/* Begin PBXProject section */
		09B180491B778DA700FD0F7E /* Project object */ = {
			isa = PBXProject;
			attributes = {
				CLASSPREFIX = ZY;
				LastUpgradeCheck = 0640;
				ORGANIZATIONNAME = "王志盼";
				TargetAttributes = {
					09B180501B778DA700FD0F7E = {
						CreatedOnToolsVersion = 6.4;
					};
					09B1806C1B778DA700FD0F7E = {
						CreatedOnToolsVersion = 6.4;
						TestTargetID = 09B180501B778DA700FD0F7E;
					};
				};
			};
			buildConfigurationList = 09B1804C1B778DA700FD0F7E /* Build configuration list for PBXProject "团购HD" */;
			compatibilityVersion = "Xcode 3.2";
			developmentRegion = English;
			hasScannedForEncodings = 0;
			knownRegions = (
				en,
				Base,
			);
			mainGroup = 09B180481B778DA700FD0F7E;
			productRefGroup = 09B180521B778DA700FD0F7E /* Products */;
			projectDirPath = "";
			projectRoot = "";
			targets = (
				09B180501B778DA700FD0F7E /* 团购HD */,
				09B1806C1B778DA700FD0F7E /* 团购HDTests */,
			);
		};
/* End PBXProject section */

/* Begin PBXResourcesBuildPhase section */
		09B1804F1B778DA700FD0F7E /* Resources */ = {
			isa = PBXResourcesBuildPhase;
			buildActionMask = 2147483647;
			files = (
				09FC9C871B7B6E6D002DDBD8 /* categories.plist in Resources */,
				093249061B942987007A1E7B /* ZYDetailViewController.xib in Resources */,
				093480FC1B7A24CB000B2875 /* ZYHomeTopItem.xib in Resources */,
				09FC9C8A1B7B6E6D002DDBD8 /* sorts.plist in Resources */,
				093481031B7A31BA000B2875 /* ZYHomeDropdown.xib in Resources */,
				09FC9C881B7B6E6D002DDBD8 /* cities.plist in Resources */,
				096A28581B8C17A400B66AC5 /* MBProgressHUD.bundle in Resources */,
				09FC9CB81B7B873A002DDBD8 /* ZYDistrictViewController.xib in Resources */,
				09FC9CBD1B7B8C63002DDBD8 /* ZYCityViewController.xib in Resources */,
				09937FF01B8B138300597929 /* MJRefresh.bundle in Resources */,
				09B180651B778DA700FD0F7E /* Images.xcassets in Resources */,
				09937F261B8AF81400597929 /* ZYDealCell.xib in Resources */,
				09FC9C891B7B6E6D002DDBD8 /* cityGroups.plist in Resources */,
			);
			runOnlyForDeploymentPostprocessing = 0;
		};
		09B1806B1B778DA700FD0F7E /* Resources */ = {
			isa = PBXResourcesBuildPhase;
			buildActionMask = 2147483647;
			files = (
			);
			runOnlyForDeploymentPostprocessing = 0;
		};
/* End PBXResourcesBuildPhase section */

/* Begin PBXSourcesBuildPhase section */
		09B1804D1B778DA700FD0F7E /* Sources */ = {
			isa = PBXSourcesBuildPhase;
			buildActionMask = 2147483647;
			files = (
				09937FDF1B8B138300597929 /* NSObject+MJCoding.m in Sources */,
				09937FE71B8B138300597929 /* MJRefreshAutoGifFooter.m in Sources */,
				093480F21B7A1A64000B2875 /* UIView+Extension.m in Sources */,
				093480F71B7A1EA9000B2875 /* UIBarButtonItem+ZYExtension.m in Sources */,
				09937FFA1B8B138300597929 /* SDWebImageDownloader.m in Sources */,
				09937FE01B8B138300597929 /* NSObject+MJIvar.m in Sources */,
				09937FEF1B8B138300597929 /* MJRefreshStateHeader.m in Sources */,
				09937FE11B8B138300597929 /* NSObject+MJKeyValue.m in Sources */,
				09A8C2A91B80DAA3002B8112 /* UIView+AutoLayout.m in Sources */,
				0935177B1B8D6EEE00781FE2 /* AwesomeMenuItem.m in Sources */,
				09B1805D1B778DA700FD0F7E /* __HD.xcdatamodeld in Sources */,
				093249051B942987007A1E7B /* ZYDetailViewController.m in Sources */,
				099380001B8B138300597929 /* UIImage+MultiFormat.m in Sources */,
				09937FDB1B8B138300597929 /* MJConst.m in Sources */,
				0935177A1B8D6EEE00781FE2 /* AwesomeMenu.m in Sources */,
				09937FE41B8B138300597929 /* MJRefreshComponent.m in Sources */,
				09937FE51B8B138300597929 /* MJRefreshFooter.m in Sources */,
				09937FFF1B8B138300597929 /* UIImage+GIF.m in Sources */,
				096A28611B8C487400B66AC5 /* ZYSearchViewController.m in Sources */,
				093481061B7A4A05000B2875 /* ZYCategoryViewController.m in Sources */,
				097270F11B860AD8007E2012 /* ZYSortViewController.m in Sources */,
				09937FEA1B8B138300597929 /* MJRefreshBackGifFooter.m in Sources */,
				09B180571B778DA700FD0F7E /* main.m in Sources */,
				0903F1121B958DE100F38A53 /* FMDatabaseAdditions.m in Sources */,
				09937FF91B8B138300597929 /* SDWebImageDecoder.m in Sources */,
				09937FEB1B8B138300597929 /* MJRefreshBackNormalFooter.m in Sources */,
				096A285C1B8C3DBB00B66AC5 /* ZYDealViewController.m in Sources */,
				09FC9C8D1B7B6F63002DDBD8 /* ZYCityGroup.m in Sources */,
				09937FF61B8B138300597929 /* NSData+ImageContentType.m in Sources */,
				09937FDA1B8B138300597929 /* DPRequest.m in Sources */,
				0903F1151B958DE100F38A53 /* FMResultSet.m in Sources */,
				09937FE21B8B138300597929 /* MJRefreshAutoFooter.m in Sources */,
				09937FE31B8B138300597929 /* MJRefreshBackFooter.m in Sources */,
				09937FE61B8B138300597929 /* MJRefreshHeader.m in Sources */,
				093481011B7A31A9000B2875 /* ZYHomeDropdown.m in Sources */,
				09937FF51B8B138300597929 /* MKAnnotationView+WebCache.m in Sources */,
				09937F5B1B8B079E00597929 /* ZYCenterLineLabel.m in Sources */,
				09937FDD1B8B138300597929 /* MJIvar.m in Sources */,
				096A28591B8C17A400B66AC5 /* MBProgressHUD.m in Sources */,
				09937FEE1B8B138300597929 /* MJRefreshNormalHeader.m in Sources */,
				09FC9C931B7B70E5002DDBD8 /* ZYCity.m in Sources */,
				09FC9C901B7B6FC2002DDBD8 /* ZYCategory.m in Sources */,
				099380021B8B138300597929 /* UIImageView+HighlightedWebCache.m in Sources */,
				09FC9CB01B7B7459002DDBD8 /* ZYHomeMainCell.m in Sources */,
				09937FFC1B8B138300597929 /* SDWebImageManager.m in Sources */,
				096A28571B8C17A400B66AC5 /* MBProgressHUD+MJ.m in Sources */,
				09937FDE1B8B138300597929 /* MJType.m in Sources */,
				09937FDC1B8B138300597929 /* MJFoundation.m in Sources */,
				09937FFD1B8B138300597929 /* SDWebImagePrefetcher.m in Sources */,
				09937FFE1B8B138300597929 /* UIButton+WebCache.m in Sources */,
				09937F251B8AF81400597929 /* ZYDealCell.m in Sources */,
				09FC9C961B7B71B5002DDBD8 /* ZYRegion.m in Sources */,
				09D368C31B8222D900C08ED4 /* ZYMetaTool.m in Sources */,
				099380031B8B138300597929 /* UIImageView+WebCache.m in Sources */,
				09FC9CB71B7B873A002DDBD8 /* ZYDistrictViewController.m in Sources */,
				099380011B8B138300597929 /* UIImage+WebP.m in Sources */,
				09D368C61B8223E900C08ED4 /* ZYSort.m in Sources */,
				093249091B943F2F007A1E7B /* ZYRestrictions.m in Sources */,
				09FC9CBC1B7B8C63002DDBD8 /* ZYCityViewController.m in Sources */,
				09937FEC1B8B138300597929 /* MJRefreshBackStateFooter.m in Sources */,
				09937FF11B8B138300597929 /* MJRefreshConst.m in Sources */,
				09937FED1B8B138300597929 /* MJRefreshGifHeader.m in Sources */,
				099380041B8B138300597929 /* UIView+WebCacheOperation.m in Sources */,
				09937FF31B8B138300597929 /* UIScrollView+MJRefresh.m in Sources */,
				09937FF21B8B138300597929 /* UIScrollView+MJExtension.m in Sources */,
				0903F1111B958DE100F38A53 /* FMDatabase.m in Sources */,
				093480F01B7A1A64000B2875 /* ZYNavigationController.m in Sources */,
				0903F1141B958DE100F38A53 /* FMDatabaseQueue.m in Sources */,
				09937FD91B8B138300597929 /* DPAPI.m in Sources */,
				09FC9CB31B7B746F002DDBD8 /* ZYHomeSubCell.m in Sources */,
				09937FE81B8B138300597929 /* MJRefreshAutoNormalFooter.m in Sources */,
				09B180911B7792CE00FD0F7E /* ZYHomeViewController.m in Sources */,
				09937F211B8AF53600597929 /* ZYDeal.m in Sources */,
				0903F1131B958DE100F38A53 /* FMDatabasePool.m in Sources */,
				0903F1041B958DB600F38A53 /* ZYDealTool.m in Sources */,
				093480F31B7A1A64000B2875 /* ZYConst.m in Sources */,
				09937FF81B8B138300597929 /* SDWebImageCompat.m in Sources */,
				09937FF41B8B138300597929 /* UIView+MJExtension.m in Sources */,
				09937FF71B8B138300597929 /* SDImageCache.m in Sources */,
				09937FFB1B8B138300597929 /* SDWebImageDownloaderOperation.m in Sources */,
				09937FE91B8B138300597929 /* MJRefreshAutoStateFooter.m in Sources */,
				093480F11B7A1A64000B2875 /* AppDelegate.m in Sources */,
				093480FA1B7A24B4000B2875 /* ZYHomeTopItem.m in Sources */,
				09A8C2B21B80E31E002B8112 /* ZYCitySearchResultTableViewController.m in Sources */,
			);
			runOnlyForDeploymentPostprocessing = 0;
		};
		09B180691B778DA700FD0F7E /* Sources */ = {
			isa = PBXSourcesBuildPhase;
			buildActionMask = 2147483647;
			files = (
				09B180741B778DA700FD0F7E /* __HDTests.m in Sources */,
			);
			runOnlyForDeploymentPostprocessing = 0;
		};
/* End PBXSourcesBuildPhase section */

/* Begin PBXTargetDependency section */
		09B1806F1B778DA700FD0F7E /* PBXTargetDependency */ = {
			isa = PBXTargetDependency;
			target = 09B180501B778DA700FD0F7E /* 团购HD */;
			targetProxy = 09B1806E1B778DA700FD0F7E /* PBXContainerItemProxy */;
		};
/* End PBXTargetDependency section */

/* Begin XCBuildConfiguration section */
		09B180751B778DA700FD0F7E /* Debug */ = {
			isa = XCBuildConfiguration;
			buildSettings = {
				ALWAYS_SEARCH_USER_PATHS = NO;
				CLANG_CXX_LANGUAGE_STANDARD = "gnu++0x";
				CLANG_CXX_LIBRARY = "libc++";
				CLANG_ENABLE_MODULES = YES;
				CLANG_ENABLE_OBJC_ARC = YES;
				CLANG_WARN_BOOL_CONVERSION = YES;
				CLANG_WARN_CONSTANT_CONVERSION = YES;
				CLANG_WARN_DIRECT_OBJC_ISA_USAGE = YES_ERROR;
				CLANG_WARN_EMPTY_BODY = YES;
				CLANG_WARN_ENUM_CONVERSION = YES;
				CLANG_WARN_INT_CONVERSION = YES;
				CLANG_WARN_OBJC_ROOT_CLASS = YES_ERROR;
				CLANG_WARN_UNREACHABLE_CODE = YES;
				CLANG_WARN__DUPLICATE_METHOD_MATCH = YES;
				"CODE_SIGN_IDENTITY[sdk=iphoneos*]" = "iPhone Developer";
				COPY_PHASE_STRIP = NO;
				DEBUG_INFORMATION_FORMAT = "dwarf-with-dsym";
				ENABLE_STRICT_OBJC_MSGSEND = YES;
				GCC_C_LANGUAGE_STANDARD = gnu99;
				GCC_DYNAMIC_NO_PIC = NO;
				GCC_NO_COMMON_BLOCKS = YES;
				GCC_OPTIMIZATION_LEVEL = 0;
				GCC_PREPROCESSOR_DEFINITIONS = (
					"DEBUG=1",
					"$(inherited)",
				);
				GCC_SYMBOLS_PRIVATE_EXTERN = NO;
				GCC_WARN_64_TO_32_BIT_CONVERSION = YES;
				GCC_WARN_ABOUT_RETURN_TYPE = YES_ERROR;
				GCC_WARN_UNDECLARED_SELECTOR = YES;
				GCC_WARN_UNINITIALIZED_AUTOS = YES_AGGRESSIVE;
				GCC_WARN_UNUSED_FUNCTION = YES;
				GCC_WARN_UNUSED_VARIABLE = YES;
				IPHONEOS_DEPLOYMENT_TARGET = 8.4;
				MTL_ENABLE_DEBUG_INFO = YES;
				ONLY_ACTIVE_ARCH = YES;
				SDKROOT = iphoneos;
				TARGETED_DEVICE_FAMILY = 2;
			};
			name = Debug;
		};
		09B180761B778DA700FD0F7E /* Release */ = {
			isa = XCBuildConfiguration;
			buildSettings = {
				ALWAYS_SEARCH_USER_PATHS = NO;
				CLANG_CXX_LANGUAGE_STANDARD = "gnu++0x";
				CLANG_CXX_LIBRARY = "libc++";
				CLANG_ENABLE_MODULES = YES;
				CLANG_ENABLE_OBJC_ARC = YES;
				CLANG_WARN_BOOL_CONVERSION = YES;
				CLANG_WARN_CONSTANT_CONVERSION = YES;
				CLANG_WARN_DIRECT_OBJC_ISA_USAGE = YES_ERROR;
				CLANG_WARN_EMPTY_BODY = YES;
				CLANG_WARN_ENUM_CONVERSION = YES;
				CLANG_WARN_INT_CONVERSION = YES;
				CLANG_WARN_OBJC_ROOT_CLASS = YES_ERROR;
				CLANG_WARN_UNREACHABLE_CODE = YES;
				CLANG_WARN__DUPLICATE_METHOD_MATCH = YES;
				"CODE_SIGN_IDENTITY[sdk=iphoneos*]" = "iPhone Developer";
				COPY_PHASE_STRIP = NO;
				DEBUG_INFORMATION_FORMAT = "dwarf-with-dsym";
				ENABLE_NS_ASSERTIONS = NO;
				ENABLE_STRICT_OBJC_MSGSEND = YES;
				GCC_C_LANGUAGE_STANDARD = gnu99;
				GCC_NO_COMMON_BLOCKS = YES;
				GCC_WARN_64_TO_32_BIT_CONVERSION = YES;
				GCC_WARN_ABOUT_RETURN_TYPE = YES_ERROR;
				GCC_WARN_UNDECLARED_SELECTOR = YES;
				GCC_WARN_UNINITIALIZED_AUTOS = YES_AGGRESSIVE;
				GCC_WARN_UNUSED_FUNCTION = YES;
				GCC_WARN_UNUSED_VARIABLE = YES;
				IPHONEOS_DEPLOYMENT_TARGET = 8.4;
				MTL_ENABLE_DEBUG_INFO = NO;
				SDKROOT = iphoneos;
				TARGETED_DEVICE_FAMILY = 2;
				VALIDATE_PRODUCT = YES;
			};
			name = Release;
		};
		09B180781B778DA700FD0F7E /* Debug */ = {
			isa = XCBuildConfiguration;
			buildSettings = {
				ASSETCATALOG_COMPILER_APPICON_NAME = AppIcon;
				ASSETCATALOG_COMPILER_LAUNCHIMAGE_NAME = LaunchImage;
				INFOPLIST_FILE = "团购HD/Info.plist";
				LD_RUNPATH_SEARCH_PATHS = "$(inherited) @executable_path/Frameworks";
				PRODUCT_NAME = "$(TARGET_NAME)";
			};
			name = Debug;
		};
		09B180791B778DA700FD0F7E /* Release */ = {
			isa = XCBuildConfiguration;
			buildSettings = {
				ASSETCATALOG_COMPILER_APPICON_NAME = AppIcon;
				ASSETCATALOG_COMPILER_LAUNCHIMAGE_NAME = LaunchImage;
				INFOPLIST_FILE = "团购HD/Info.plist";
				LD_RUNPATH_SEARCH_PATHS = "$(inherited) @executable_path/Frameworks";
				PRODUCT_NAME = "$(TARGET_NAME)";
			};
			name = Release;
		};
		09B1807B1B778DA700FD0F7E /* Debug */ = {
			isa = XCBuildConfiguration;
			buildSettings = {
				BUNDLE_LOADER = "$(TEST_HOST)";
				FRAMEWORK_SEARCH_PATHS = (
					"$(SDKROOT)/Developer/Library/Frameworks",
					"$(inherited)",
				);
				GCC_PREPROCESSOR_DEFINITIONS = (
					"DEBUG=1",
					"$(inherited)",
				);
				INFOPLIST_FILE = "团购HDTests/Info.plist";
				LD_RUNPATH_SEARCH_PATHS = "$(inherited) @executable_path/Frameworks @loader_path/Frameworks";
				PRODUCT_NAME = "$(TARGET_NAME)";
				TEST_HOST = "$(BUILT_PRODUCTS_DIR)/团购HD.app/团购HD";
			};
			name = Debug;
		};
		09B1807C1B778DA700FD0F7E /* Release */ = {
			isa = XCBuildConfiguration;
			buildSettings = {
				BUNDLE_LOADER = "$(TEST_HOST)";
				FRAMEWORK_SEARCH_PATHS = (
					"$(SDKROOT)/Developer/Library/Frameworks",
					"$(inherited)",
				);
				INFOPLIST_FILE = "团购HDTests/Info.plist";
				LD_RUNPATH_SEARCH_PATHS = "$(inherited) @executable_path/Frameworks @loader_path/Frameworks";
				PRODUCT_NAME = "$(TARGET_NAME)";
				TEST_HOST = "$(BUILT_PRODUCTS_DIR)/团购HD.app/团购HD";
			};
			name = Release;
		};
/* End XCBuildConfiguration section */

/* Begin XCConfigurationList section */
		09B1804C1B778DA700FD0F7E /* Build configuration list for PBXProject "团购HD" */ = {
			isa = XCConfigurationList;
			buildConfigurations = (
				09B180751B778DA700FD0F7E /* Debug */,
				09B180761B778DA700FD0F7E /* Release */,
			);
			defaultConfigurationIsVisible = 0;
			defaultConfigurationName = Release;
		};
		09B180771B778DA700FD0F7E /* Build configuration list for PBXNativeTarget "团购HD" */ = {
			isa = XCConfigurationList;
			buildConfigurations = (
				09B180781B778DA700FD0F7E /* Debug */,
				09B180791B778DA700FD0F7E /* Release */,
			);
			defaultConfigurationIsVisible = 0;
			defaultConfigurationName = Release;
		};
		09B1807A1B778DA700FD0F7E /* Build configuration list for PBXNativeTarget "团购HDTests" */ = {
			isa = XCConfigurationList;
			buildConfigurations = (
				09B1807B1B778DA700FD0F7E /* Debug */,
				09B1807C1B778DA700FD0F7E /* Release */,
			);
			defaultConfigurationIsVisible = 0;
			defaultConfigurationName = Release;
		};
/* End XCConfigurationList section */

/* Begin XCVersionGroup section */
		09B1805B1B778DA700FD0F7E /* __HD.xcdatamodeld */ = {
			isa = XCVersionGroup;
			children = (
				09B1805C1B778DA700FD0F7E /* __HD.xcdatamodel */,
			);
			currentVersion = 09B1805C1B778DA700FD0F7E /* __HD.xcdatamodel */;
			path = __HD.xcdatamodeld;
			sourceTree = "<group>";
			versionGroupType = wrapper.xcdatamodel;
		};
/* End XCVersionGroup section */
	};
	rootObject = 09B180491B778DA700FD0F7E /* Project object */;
}
